{
  "version": 4,
  "terraform_version": "1.11.4",
  "serial": 690,
  "lineage": "c8525246-0a99-70a2-252d-a90109dcd028",
  "outputs": {},
  "resources": [
    {
      "mode": "data",
      "type": "template_file",
      "name": "user_data1",
      "provider": "provider[\"registry.terraform.io/hashicorp/template\"]",
      "instances": [
        {
          "schema_version": 0,
          "attributes": {
            "filename": null,
            "id": "ad80e3779fb4e6e317aee800c366e0b59ecdc285352d9a6eebcf5a3fef7d80d1",
            "rendered": "#!/bin/bash\n# Set the Hostname for the host (Change for each host in the cluster)\nsudo hostnamectl set-hostname c1-cp1\n\n# Host configuration startup script\n# Configures /etc/hosts with cluster nodes\n\n# Backup existing hosts file\ncp /etc/hosts /etc/hosts.backup\n\n# Add cluster hosts to /etc/hosts\ncat \u003e\u003e /etc/hosts \u003c\u003c 'EOF'\n\n# Cluster nodes\n10.0.2.10    c1-cp1\n10.0.2.11    c1-node1\n10.0.2.12    c1-node2\n10.0.2.13    c1-node3\nEOF\n\n# Log completion\necho \"$(date): Host configuration completed\" \u003e\u003e /var/log/startup-script.log\n\n# Optional: Display the updated hosts file for verification\necho \"Updated /etc/hosts file:\" \u003e\u003e /var/log/startup-script.log\ncat /etc/hosts \u003e\u003e /var/log/startup-script.log\n\n#Setup \n#   1. 4 VMs Ubuntu 22.04, 1 control plane, 3 nodes.\n#   2. Static IPs on individual VMs\n#   3. /etc/hosts hosts file includes name to IP mappings for VMs\n#   4. Swap is disabled\n\n#0 - Disable swap, swapoff then edit your fstab removing any entry for swap partitions\n#You can recover the space with fdisk. You may want to reboot to ensure your config is ok. \nsudo swapoff -a\n#vi /etc/fstab\n\n#0 - Install Packages \n#containerd prerequisites, and load two modules and configure them to load on boot\n#https://kubernetes.io/docs/setup/production-environment/container-runtimes/\ncat \u003c\u003cEOF | sudo tee /etc/modules-load.d/k8s.conf\noverlay\nbr_netfilter\nEOF\n\nsudo modprobe overlay\nsudo modprobe br_netfilter\n\n# sysctl params required by setup, params persist across reboots\ncat \u003c\u003cEOF | sudo tee /etc/sysctl.d/k8s.conf\nnet.bridge.bridge-nf-call-iptables  = 1\nnet.bridge.bridge-nf-call-ip6tables = 1\nnet.ipv4.ip_forward                 = 1\nEOF\n\n\n# Apply sysctl params without reboot\nsudo sysctl --system\n\n#Install containerd...\nsudo apt-get update\nsudo apt-get clean\nsudo apt-get autoremove\nsudo apt-get install -y containerd\n\n#Create a containerd configuration file\nsudo mkdir -p /etc/containerd\n\nsudo containerd config default | sudo tee /etc/containerd/config.toml\n\n#Set the cgroup driver for containerd to systemd which is required for the kubelet.\n#For more information on this config file see:\n# https://github.com/containerd/cri/blob/master/docs/config.md and also\n# https://github.com/containerd/containerd/blob/master/docs/ops.md\n\n#At the end of this section, change SystemdCgroup = false to SystemdCgroup = true\n        [plugins.\"io.containerd.grpc.v1.cri\".containerd.runtimes.runc]\n        ...\n          [plugins.\"io.containerd.grpc.v1.cri\".containerd.runtimes.runc.options]\n            SystemdCgroup = true\n\n#You can use sed to swap in true\nsudo sed -i 's/            SystemdCgroup = false/            SystemdCgroup = true/' /etc/containerd/config.toml\n\n#Verify the change was made\n#grep 'SystemdCgroup = true' /etc/containerd/config.toml\n\n#Restart containerd with the new configuration\nsudo systemctl restart containerd\n\n#Install Kubernetes packages - kubeadm, kubelet and kubectl\n#Add k8s.io's apt repository gpg key, this will likely change for each version of kubernetes release. \nsudo apt-get install -y apt-transport-https ca-certificates curl gpg\nsudo curl -fsSL https://pkgs.k8s.io/core:/stable:/v1.34/deb/Release.key | sudo gpg --dearmor -o /etc/apt/keyrings/kubernetes-apt-keyring.gpg\n\n#Add the Kubernetes apt repository\necho 'deb [signed-by=/etc/apt/keyrings/kubernetes-apt-keyring.gpg] https://pkgs.k8s.io/core:/stable:/v1.34/deb/ /' | sudo tee /etc/apt/sources.list.d/kubernetes.list\n\n#Update the package list and use apt-cache policy to inspect versions available in the repository\nsudo apt-get update\n#apt-cache policy kubelet | head -n 20 \n\n#Try to pick one version back because later in this series, we'll run an upgrade\nVERSION=1.34.0-1.1\nsudo apt-get install -y kubelet=$VERSION kubeadm=$VERSION kubectl=$VERSION \nsudo apt-mark hold kubelet kubeadm kubectl containerd\n",
            "template": "#!/bin/bash\n# Set the Hostname for the host (Change for each host in the cluster)\nsudo hostnamectl set-hostname c1-cp1\n\n# Host configuration startup script\n# Configures /etc/hosts with cluster nodes\n\n# Backup existing hosts file\ncp /etc/hosts /etc/hosts.backup\n\n# Add cluster hosts to /etc/hosts\ncat \u003e\u003e /etc/hosts \u003c\u003c 'EOF'\n\n# Cluster nodes\n10.0.2.10    c1-cp1\n10.0.2.11    c1-node1\n10.0.2.12    c1-node2\n10.0.2.13    c1-node3\nEOF\n\n# Log completion\necho \"$(date): Host configuration completed\" \u003e\u003e /var/log/startup-script.log\n\n# Optional: Display the updated hosts file for verification\necho \"Updated /etc/hosts file:\" \u003e\u003e /var/log/startup-script.log\ncat /etc/hosts \u003e\u003e /var/log/startup-script.log\n\n#Setup \n#   1. 4 VMs Ubuntu 22.04, 1 control plane, 3 nodes.\n#   2. Static IPs on individual VMs\n#   3. /etc/hosts hosts file includes name to IP mappings for VMs\n#   4. Swap is disabled\n\n#0 - Disable swap, swapoff then edit your fstab removing any entry for swap partitions\n#You can recover the space with fdisk. You may want to reboot to ensure your config is ok. \nsudo swapoff -a\n#vi /etc/fstab\n\n#0 - Install Packages \n#containerd prerequisites, and load two modules and configure them to load on boot\n#https://kubernetes.io/docs/setup/production-environment/container-runtimes/\ncat \u003c\u003cEOF | sudo tee /etc/modules-load.d/k8s.conf\noverlay\nbr_netfilter\nEOF\n\nsudo modprobe overlay\nsudo modprobe br_netfilter\n\n# sysctl params required by setup, params persist across reboots\ncat \u003c\u003cEOF | sudo tee /etc/sysctl.d/k8s.conf\nnet.bridge.bridge-nf-call-iptables  = 1\nnet.bridge.bridge-nf-call-ip6tables = 1\nnet.ipv4.ip_forward                 = 1\nEOF\n\n\n# Apply sysctl params without reboot\nsudo sysctl --system\n\n#Install containerd...\nsudo apt-get update\nsudo apt-get clean\nsudo apt-get autoremove\nsudo apt-get install -y containerd\n\n#Create a containerd configuration file\nsudo mkdir -p /etc/containerd\n\nsudo containerd config default | sudo tee /etc/containerd/config.toml\n\n#Set the cgroup driver for containerd to systemd which is required for the kubelet.\n#For more information on this config file see:\n# https://github.com/containerd/cri/blob/master/docs/config.md and also\n# https://github.com/containerd/containerd/blob/master/docs/ops.md\n\n#At the end of this section, change SystemdCgroup = false to SystemdCgroup = true\n        [plugins.\"io.containerd.grpc.v1.cri\".containerd.runtimes.runc]\n        ...\n          [plugins.\"io.containerd.grpc.v1.cri\".containerd.runtimes.runc.options]\n            SystemdCgroup = true\n\n#You can use sed to swap in true\nsudo sed -i 's/            SystemdCgroup = false/            SystemdCgroup = true/' /etc/containerd/config.toml\n\n#Verify the change was made\n#grep 'SystemdCgroup = true' /etc/containerd/config.toml\n\n#Restart containerd with the new configuration\nsudo systemctl restart containerd\n\n#Install Kubernetes packages - kubeadm, kubelet and kubectl\n#Add k8s.io's apt repository gpg key, this will likely change for each version of kubernetes release. \nsudo apt-get install -y apt-transport-https ca-certificates curl gpg\nsudo curl -fsSL https://pkgs.k8s.io/core:/stable:/v1.34/deb/Release.key | sudo gpg --dearmor -o /etc/apt/keyrings/kubernetes-apt-keyring.gpg\n\n#Add the Kubernetes apt repository\necho 'deb [signed-by=/etc/apt/keyrings/kubernetes-apt-keyring.gpg] https://pkgs.k8s.io/core:/stable:/v1.34/deb/ /' | sudo tee /etc/apt/sources.list.d/kubernetes.list\n\n#Update the package list and use apt-cache policy to inspect versions available in the repository\nsudo apt-get update\n#apt-cache policy kubelet | head -n 20 \n\n#Try to pick one version back because later in this series, we'll run an upgrade\nVERSION=1.34.0-1.1\nsudo apt-get install -y kubelet=$VERSION kubeadm=$VERSION kubectl=$VERSION \nsudo apt-mark hold kubelet kubeadm kubectl containerd\n",
            "vars": null
          },
          "sensitive_attributes": []
        }
      ]
    },
    {
      "mode": "data",
      "type": "template_file",
      "name": "user_data2",
      "provider": "provider[\"registry.terraform.io/hashicorp/template\"]",
      "instances": [
        {
          "schema_version": 0,
          "attributes": {
            "filename": null,
            "id": "a94545e2cf174dd6357ef40f0ac6cd492109c6fb6b0a813c93b63983bbd96d6f",
            "rendered": "#!/bin/bash\n# Set the Hostname for the host (Change for each host in the cluster)\nsudo hostnamectl set-hostname c1-node1\n\n# Host configuration startup script\n# Configures /etc/hosts with cluster nodes\n\n# Backup existing hosts file\ncp /etc/hosts /etc/hosts.backup\n\n# Add cluster hosts to /etc/hosts\ncat \u003e\u003e /etc/hosts \u003c\u003c 'EOF'\n\n# Cluster nodes\n10.0.2.10    c1-cp1\n10.0.2.11    c1-node1\n10.0.2.12    c1-node2\n10.0.2.13    c1-node3\nEOF\n\n# Log completion\necho \"$(date): Host configuration completed\" \u003e\u003e /var/log/startup-script.log\n\n# Optional: Display the updated hosts file for verification\necho \"Updated /etc/hosts file:\" \u003e\u003e /var/log/startup-script.log\ncat /etc/hosts \u003e\u003e /var/log/startup-script.log\n\n#Setup \n#   1. 4 VMs Ubuntu 22.04, 1 control plane, 3 nodes.\n#   2. Static IPs on individual VMs\n#   3. /etc/hosts hosts file includes name to IP mappings for VMs\n#   4. Swap is disabled\n\n#0 - Disable swap, swapoff then edit your fstab removing any entry for swap partitions\n#You can recover the space with fdisk. You may want to reboot to ensure your config is ok. \nsudo swapoff -a\n#vi /etc/fstab\n\n#0 - Install Packages \n#containerd prerequisites, and load two modules and configure them to load on boot\n#https://kubernetes.io/docs/setup/production-environment/container-runtimes/\ncat \u003c\u003cEOF | sudo tee /etc/modules-load.d/k8s.conf\noverlay\nbr_netfilter\nEOF\n\nsudo modprobe overlay\nsudo modprobe br_netfilter\n\n# sysctl params required by setup, params persist across reboots\ncat \u003c\u003cEOF | sudo tee /etc/sysctl.d/k8s.conf\nnet.bridge.bridge-nf-call-iptables  = 1\nnet.bridge.bridge-nf-call-ip6tables = 1\nnet.ipv4.ip_forward                 = 1\nEOF\n\n\n# Apply sysctl params without reboot\nsudo sysctl --system\n\n#Install containerd...\nsudo apt-get update\nsudo apt-get clean\nsudo apt-get autoremove\nsudo apt-get install -y containerd\n\n#Create a containerd configuration file\nsudo mkdir -p /etc/containerd\n\nsudo containerd config default | sudo tee /etc/containerd/config.toml\n\n#Set the cgroup driver for containerd to systemd which is required for the kubelet.\n#For more information on this config file see:\n# https://github.com/containerd/cri/blob/master/docs/config.md and also\n# https://github.com/containerd/containerd/blob/master/docs/ops.md\n\n#At the end of this section, change SystemdCgroup = false to SystemdCgroup = true\n        [plugins.\"io.containerd.grpc.v1.cri\".containerd.runtimes.runc]\n        ...\n          [plugins.\"io.containerd.grpc.v1.cri\".containerd.runtimes.runc.options]\n            SystemdCgroup = true\n\n#You can use sed to swap in true\nsudo sed -i 's/            SystemdCgroup = false/            SystemdCgroup = true/' /etc/containerd/config.toml\n\n#Verify the change was made\n#grep 'SystemdCgroup = true' /etc/containerd/config.toml\n\n#Restart containerd with the new configuration\nsudo systemctl restart containerd\n\n#Install Kubernetes packages - kubeadm, kubelet and kubectl\n#Add k8s.io's apt repository gpg key, this will likely change for each version of kubernetes release. \nsudo apt-get install -y apt-transport-https ca-certificates curl gpg\nsudo curl -fsSL https://pkgs.k8s.io/core:/stable:/v1.34/deb/Release.key | sudo gpg --dearmor -o /etc/apt/keyrings/kubernetes-apt-keyring.gpg\n\n#Add the Kubernetes apt repository\necho 'deb [signed-by=/etc/apt/keyrings/kubernetes-apt-keyring.gpg] https://pkgs.k8s.io/core:/stable:/v1.34/deb/ /' | sudo tee /etc/apt/sources.list.d/kubernetes.list\n\n#Update the package list and use apt-cache policy to inspect versions available in the repository\nsudo apt-get update\n#apt-cache policy kubelet | head -n 20 \n\n#Try to pick one version back because later in this series, we'll run an upgrade\nVERSION=1.34.0-1.1\nsudo apt-get install -y kubelet=$VERSION kubeadm=$VERSION kubectl=$VERSION \nsudo apt-mark hold kubelet kubeadm kubectl containerd\n",
            "template": "#!/bin/bash\n# Set the Hostname for the host (Change for each host in the cluster)\nsudo hostnamectl set-hostname c1-node1\n\n# Host configuration startup script\n# Configures /etc/hosts with cluster nodes\n\n# Backup existing hosts file\ncp /etc/hosts /etc/hosts.backup\n\n# Add cluster hosts to /etc/hosts\ncat \u003e\u003e /etc/hosts \u003c\u003c 'EOF'\n\n# Cluster nodes\n10.0.2.10    c1-cp1\n10.0.2.11    c1-node1\n10.0.2.12    c1-node2\n10.0.2.13    c1-node3\nEOF\n\n# Log completion\necho \"$(date): Host configuration completed\" \u003e\u003e /var/log/startup-script.log\n\n# Optional: Display the updated hosts file for verification\necho \"Updated /etc/hosts file:\" \u003e\u003e /var/log/startup-script.log\ncat /etc/hosts \u003e\u003e /var/log/startup-script.log\n\n#Setup \n#   1. 4 VMs Ubuntu 22.04, 1 control plane, 3 nodes.\n#   2. Static IPs on individual VMs\n#   3. /etc/hosts hosts file includes name to IP mappings for VMs\n#   4. Swap is disabled\n\n#0 - Disable swap, swapoff then edit your fstab removing any entry for swap partitions\n#You can recover the space with fdisk. You may want to reboot to ensure your config is ok. \nsudo swapoff -a\n#vi /etc/fstab\n\n#0 - Install Packages \n#containerd prerequisites, and load two modules and configure them to load on boot\n#https://kubernetes.io/docs/setup/production-environment/container-runtimes/\ncat \u003c\u003cEOF | sudo tee /etc/modules-load.d/k8s.conf\noverlay\nbr_netfilter\nEOF\n\nsudo modprobe overlay\nsudo modprobe br_netfilter\n\n# sysctl params required by setup, params persist across reboots\ncat \u003c\u003cEOF | sudo tee /etc/sysctl.d/k8s.conf\nnet.bridge.bridge-nf-call-iptables  = 1\nnet.bridge.bridge-nf-call-ip6tables = 1\nnet.ipv4.ip_forward                 = 1\nEOF\n\n\n# Apply sysctl params without reboot\nsudo sysctl --system\n\n#Install containerd...\nsudo apt-get update\nsudo apt-get clean\nsudo apt-get autoremove\nsudo apt-get install -y containerd\n\n#Create a containerd configuration file\nsudo mkdir -p /etc/containerd\n\nsudo containerd config default | sudo tee /etc/containerd/config.toml\n\n#Set the cgroup driver for containerd to systemd which is required for the kubelet.\n#For more information on this config file see:\n# https://github.com/containerd/cri/blob/master/docs/config.md and also\n# https://github.com/containerd/containerd/blob/master/docs/ops.md\n\n#At the end of this section, change SystemdCgroup = false to SystemdCgroup = true\n        [plugins.\"io.containerd.grpc.v1.cri\".containerd.runtimes.runc]\n        ...\n          [plugins.\"io.containerd.grpc.v1.cri\".containerd.runtimes.runc.options]\n            SystemdCgroup = true\n\n#You can use sed to swap in true\nsudo sed -i 's/            SystemdCgroup = false/            SystemdCgroup = true/' /etc/containerd/config.toml\n\n#Verify the change was made\n#grep 'SystemdCgroup = true' /etc/containerd/config.toml\n\n#Restart containerd with the new configuration\nsudo systemctl restart containerd\n\n#Install Kubernetes packages - kubeadm, kubelet and kubectl\n#Add k8s.io's apt repository gpg key, this will likely change for each version of kubernetes release. \nsudo apt-get install -y apt-transport-https ca-certificates curl gpg\nsudo curl -fsSL https://pkgs.k8s.io/core:/stable:/v1.34/deb/Release.key | sudo gpg --dearmor -o /etc/apt/keyrings/kubernetes-apt-keyring.gpg\n\n#Add the Kubernetes apt repository\necho 'deb [signed-by=/etc/apt/keyrings/kubernetes-apt-keyring.gpg] https://pkgs.k8s.io/core:/stable:/v1.34/deb/ /' | sudo tee /etc/apt/sources.list.d/kubernetes.list\n\n#Update the package list and use apt-cache policy to inspect versions available in the repository\nsudo apt-get update\n#apt-cache policy kubelet | head -n 20 \n\n#Try to pick one version back because later in this series, we'll run an upgrade\nVERSION=1.34.0-1.1\nsudo apt-get install -y kubelet=$VERSION kubeadm=$VERSION kubectl=$VERSION \nsudo apt-mark hold kubelet kubeadm kubectl containerd\n",
            "vars": null
          },
          "sensitive_attributes": []
        }
      ]
    },
    {
      "mode": "data",
      "type": "template_file",
      "name": "user_data3",
      "provider": "provider[\"registry.terraform.io/hashicorp/template\"]",
      "instances": [
        {
          "schema_version": 0,
          "attributes": {
            "filename": null,
            "id": "44e522c10e632868ef127b678c406df86cbbce94de78ad31290ff959ac09c648",
            "rendered": "#!/bin/bash\n# Set the Hostname for the host (Change for each host in the cluster)\nsudo hostnamectl set-hostname c1-node2\n\n# Host configuration startup script\n# Configures /etc/hosts with cluster nodes\n\n# Backup existing hosts file\ncp /etc/hosts /etc/hosts.backup\n\n# Add cluster hosts to /etc/hosts\ncat \u003e\u003e /etc/hosts \u003c\u003c 'EOF'\n\n# Cluster nodes\n10.0.2.10    c1-cp1\n10.0.2.11    c1-node1\n10.0.2.12    c1-node2\n10.0.2.13    c1-node3\nEOF\n\n# Log completion\necho \"$(date): Host configuration completed\" \u003e\u003e /var/log/startup-script.log\n\n# Optional: Display the updated hosts file for verification\necho \"Updated /etc/hosts file:\" \u003e\u003e /var/log/startup-script.log\ncat /etc/hosts \u003e\u003e /var/log/startup-script.log\n\n#Setup \n#   1. 4 VMs Ubuntu 22.04, 1 control plane, 3 nodes.\n#   2. Static IPs on individual VMs\n#   3. /etc/hosts hosts file includes name to IP mappings for VMs\n#   4. Swap is disabled\n\n#0 - Disable swap, swapoff then edit your fstab removing any entry for swap partitions\n#You can recover the space with fdisk. You may want to reboot to ensure your config is ok. \nsudo swapoff -a\n#vi /etc/fstab\n\n#0 - Install Packages \n#containerd prerequisites, and load two modules and configure them to load on boot\n#https://kubernetes.io/docs/setup/production-environment/container-runtimes/\ncat \u003c\u003cEOF | sudo tee /etc/modules-load.d/k8s.conf\noverlay\nbr_netfilter\nEOF\n\nsudo modprobe overlay\nsudo modprobe br_netfilter\n\n# sysctl params required by setup, params persist across reboots\ncat \u003c\u003cEOF | sudo tee /etc/sysctl.d/k8s.conf\nnet.bridge.bridge-nf-call-iptables  = 1\nnet.bridge.bridge-nf-call-ip6tables = 1\nnet.ipv4.ip_forward                 = 1\nEOF\n\n\n# Apply sysctl params without reboot\nsudo sysctl --system\n\n#Install containerd...\nsudo apt-get update\nsudo apt-get clean\nsudo apt-get autoremove\nsudo apt-get install -y containerd\n\n#Create a containerd configuration file\nsudo mkdir -p /etc/containerd\n\nsudo containerd config default | sudo tee /etc/containerd/config.toml\n\n#Set the cgroup driver for containerd to systemd which is required for the kubelet.\n#For more information on this config file see:\n# https://github.com/containerd/cri/blob/master/docs/config.md and also\n# https://github.com/containerd/containerd/blob/master/docs/ops.md\n\n#At the end of this section, change SystemdCgroup = false to SystemdCgroup = true\n        [plugins.\"io.containerd.grpc.v1.cri\".containerd.runtimes.runc]\n        ...\n          [plugins.\"io.containerd.grpc.v1.cri\".containerd.runtimes.runc.options]\n            SystemdCgroup = true\n\n#You can use sed to swap in true\nsudo sed -i 's/            SystemdCgroup = false/            SystemdCgroup = true/' /etc/containerd/config.toml\n\n#Verify the change was made\n#grep 'SystemdCgroup = true' /etc/containerd/config.toml\n\n#Restart containerd with the new configuration\nsudo systemctl restart containerd\n\n#Install Kubernetes packages - kubeadm, kubelet and kubectl\n#Add k8s.io's apt repository gpg key, this will likely change for each version of kubernetes release. \nsudo apt-get install -y apt-transport-https ca-certificates curl gpg\nsudo curl -fsSL https://pkgs.k8s.io/core:/stable:/v1.34/deb/Release.key | sudo gpg --dearmor -o /etc/apt/keyrings/kubernetes-apt-keyring.gpg\n\n#Add the Kubernetes apt repository\necho 'deb [signed-by=/etc/apt/keyrings/kubernetes-apt-keyring.gpg] https://pkgs.k8s.io/core:/stable:/v1.34/deb/ /' | sudo tee /etc/apt/sources.list.d/kubernetes.list\n\n#Update the package list and use apt-cache policy to inspect versions available in the repository\nsudo apt-get update\n#apt-cache policy kubelet | head -n 20 \n\n#Try to pick one version back because later in this series, we'll run an upgrade\nVERSION=1.34.0-1.1\nsudo apt-get install -y kubelet=$VERSION kubeadm=$VERSION kubectl=$VERSION \nsudo apt-mark hold kubelet kubeadm kubectl containerd\n",
            "template": "#!/bin/bash\n# Set the Hostname for the host (Change for each host in the cluster)\nsudo hostnamectl set-hostname c1-node2\n\n# Host configuration startup script\n# Configures /etc/hosts with cluster nodes\n\n# Backup existing hosts file\ncp /etc/hosts /etc/hosts.backup\n\n# Add cluster hosts to /etc/hosts\ncat \u003e\u003e /etc/hosts \u003c\u003c 'EOF'\n\n# Cluster nodes\n10.0.2.10    c1-cp1\n10.0.2.11    c1-node1\n10.0.2.12    c1-node2\n10.0.2.13    c1-node3\nEOF\n\n# Log completion\necho \"$(date): Host configuration completed\" \u003e\u003e /var/log/startup-script.log\n\n# Optional: Display the updated hosts file for verification\necho \"Updated /etc/hosts file:\" \u003e\u003e /var/log/startup-script.log\ncat /etc/hosts \u003e\u003e /var/log/startup-script.log\n\n#Setup \n#   1. 4 VMs Ubuntu 22.04, 1 control plane, 3 nodes.\n#   2. Static IPs on individual VMs\n#   3. /etc/hosts hosts file includes name to IP mappings for VMs\n#   4. Swap is disabled\n\n#0 - Disable swap, swapoff then edit your fstab removing any entry for swap partitions\n#You can recover the space with fdisk. You may want to reboot to ensure your config is ok. \nsudo swapoff -a\n#vi /etc/fstab\n\n#0 - Install Packages \n#containerd prerequisites, and load two modules and configure them to load on boot\n#https://kubernetes.io/docs/setup/production-environment/container-runtimes/\ncat \u003c\u003cEOF | sudo tee /etc/modules-load.d/k8s.conf\noverlay\nbr_netfilter\nEOF\n\nsudo modprobe overlay\nsudo modprobe br_netfilter\n\n# sysctl params required by setup, params persist across reboots\ncat \u003c\u003cEOF | sudo tee /etc/sysctl.d/k8s.conf\nnet.bridge.bridge-nf-call-iptables  = 1\nnet.bridge.bridge-nf-call-ip6tables = 1\nnet.ipv4.ip_forward                 = 1\nEOF\n\n\n# Apply sysctl params without reboot\nsudo sysctl --system\n\n#Install containerd...\nsudo apt-get update\nsudo apt-get clean\nsudo apt-get autoremove\nsudo apt-get install -y containerd\n\n#Create a containerd configuration file\nsudo mkdir -p /etc/containerd\n\nsudo containerd config default | sudo tee /etc/containerd/config.toml\n\n#Set the cgroup driver for containerd to systemd which is required for the kubelet.\n#For more information on this config file see:\n# https://github.com/containerd/cri/blob/master/docs/config.md and also\n# https://github.com/containerd/containerd/blob/master/docs/ops.md\n\n#At the end of this section, change SystemdCgroup = false to SystemdCgroup = true\n        [plugins.\"io.containerd.grpc.v1.cri\".containerd.runtimes.runc]\n        ...\n          [plugins.\"io.containerd.grpc.v1.cri\".containerd.runtimes.runc.options]\n            SystemdCgroup = true\n\n#You can use sed to swap in true\nsudo sed -i 's/            SystemdCgroup = false/            SystemdCgroup = true/' /etc/containerd/config.toml\n\n#Verify the change was made\n#grep 'SystemdCgroup = true' /etc/containerd/config.toml\n\n#Restart containerd with the new configuration\nsudo systemctl restart containerd\n\n#Install Kubernetes packages - kubeadm, kubelet and kubectl\n#Add k8s.io's apt repository gpg key, this will likely change for each version of kubernetes release. \nsudo apt-get install -y apt-transport-https ca-certificates curl gpg\nsudo curl -fsSL https://pkgs.k8s.io/core:/stable:/v1.34/deb/Release.key | sudo gpg --dearmor -o /etc/apt/keyrings/kubernetes-apt-keyring.gpg\n\n#Add the Kubernetes apt repository\necho 'deb [signed-by=/etc/apt/keyrings/kubernetes-apt-keyring.gpg] https://pkgs.k8s.io/core:/stable:/v1.34/deb/ /' | sudo tee /etc/apt/sources.list.d/kubernetes.list\n\n#Update the package list and use apt-cache policy to inspect versions available in the repository\nsudo apt-get update\n#apt-cache policy kubelet | head -n 20 \n\n#Try to pick one version back because later in this series, we'll run an upgrade\nVERSION=1.34.0-1.1\nsudo apt-get install -y kubelet=$VERSION kubeadm=$VERSION kubectl=$VERSION \nsudo apt-mark hold kubelet kubeadm kubectl containerd\n",
            "vars": null
          },
          "sensitive_attributes": []
        }
      ]
    },
    {
      "mode": "data",
      "type": "template_file",
      "name": "user_data4",
      "provider": "provider[\"registry.terraform.io/hashicorp/template\"]",
      "instances": [
        {
          "schema_version": 0,
          "attributes": {
            "filename": null,
            "id": "1ba4f7e10a83ace5f4185c2857aa80910b3bddda119e475ddbc9342ef81f92d0",
            "rendered": "#!/bin/bash\n# Set the Hostname for the host (Change for each host in the cluster)\nsudo hostnamectl set-hostname c1-node3\n\n# Host configuration startup script\n# Configures /etc/hosts with cluster nodes\n\n# Backup existing hosts file\ncp /etc/hosts /etc/hosts.backup\n\n# Add cluster hosts to /etc/hosts\ncat \u003e\u003e /etc/hosts \u003c\u003c 'EOF'\n\n# Cluster nodes\n10.0.2.10    c1-cp1\n10.0.2.11    c1-node1\n10.0.2.12    c1-node2\n10.0.2.13    c1-node3\nEOF\n\n# Log completion\necho \"$(date): Host configuration completed\" \u003e\u003e /var/log/startup-script.log\n\n# Optional: Display the updated hosts file for verification\necho \"Updated /etc/hosts file:\" \u003e\u003e /var/log/startup-script.log\ncat /etc/hosts \u003e\u003e /var/log/startup-script.log\n\n#Setup \n#   1. 4 VMs Ubuntu 22.04, 1 control plane, 3 nodes.\n#   2. Static IPs on individual VMs\n#   3. /etc/hosts hosts file includes name to IP mappings for VMs\n#   4. Swap is disabled\n\n#0 - Disable swap, swapoff then edit your fstab removing any entry for swap partitions\n#You can recover the space with fdisk. You may want to reboot to ensure your config is ok. \nsudo swapoff -a\n#vi /etc/fstab\n\n#0 - Install Packages \n#containerd prerequisites, and load two modules and configure them to load on boot\n#https://kubernetes.io/docs/setup/production-environment/container-runtimes/\ncat \u003c\u003cEOF | sudo tee /etc/modules-load.d/k8s.conf\noverlay\nbr_netfilter\nEOF\n\nsudo modprobe overlay\nsudo modprobe br_netfilter\n\n# sysctl params required by setup, params persist across reboots\ncat \u003c\u003cEOF | sudo tee /etc/sysctl.d/k8s.conf\nnet.bridge.bridge-nf-call-iptables  = 1\nnet.bridge.bridge-nf-call-ip6tables = 1\nnet.ipv4.ip_forward                 = 1\nEOF\n\n\n# Apply sysctl params without reboot\nsudo sysctl --system\n\n#Install containerd...\nsudo apt-get update\nsudo apt-get clean\nsudo apt-get autoremove\nsudo apt-get install -y containerd\n\n#Create a containerd configuration file\nsudo mkdir -p /etc/containerd\n\nsudo containerd config default | sudo tee /etc/containerd/config.toml\n\n#Set the cgroup driver for containerd to systemd which is required for the kubelet.\n#For more information on this config file see:\n# https://github.com/containerd/cri/blob/master/docs/config.md and also\n# https://github.com/containerd/containerd/blob/master/docs/ops.md\n\n#At the end of this section, change SystemdCgroup = false to SystemdCgroup = true\n        [plugins.\"io.containerd.grpc.v1.cri\".containerd.runtimes.runc]\n        ...\n          [plugins.\"io.containerd.grpc.v1.cri\".containerd.runtimes.runc.options]\n            SystemdCgroup = true\n\n#You can use sed to swap in true\nsudo sed -i 's/            SystemdCgroup = false/            SystemdCgroup = true/' /etc/containerd/config.toml\n\n#Verify the change was made\n#grep 'SystemdCgroup = true' /etc/containerd/config.toml\n\n#Restart containerd with the new configuration\nsudo systemctl restart containerd\n\n#Install Kubernetes packages - kubeadm, kubelet and kubectl\n#Add k8s.io's apt repository gpg key, this will likely change for each version of kubernetes release. \nsudo apt-get install -y apt-transport-https ca-certificates curl gpg\nsudo curl -fsSL https://pkgs.k8s.io/core:/stable:/v1.34/deb/Release.key | sudo gpg --dearmor -o /etc/apt/keyrings/kubernetes-apt-keyring.gpg\n\n#Add the Kubernetes apt repository\necho 'deb [signed-by=/etc/apt/keyrings/kubernetes-apt-keyring.gpg] https://pkgs.k8s.io/core:/stable:/v1.34/deb/ /' | sudo tee /etc/apt/sources.list.d/kubernetes.list\n\n#Update the package list and use apt-cache policy to inspect versions available in the repository\nsudo apt-get update\n#apt-cache policy kubelet | head -n 20 \n\n#Try to pick one version back because later in this series, we'll run an upgrade\nVERSION=1.34.0-1.1\nsudo apt-get install -y kubelet=$VERSION kubeadm=$VERSION kubectl=$VERSION \nsudo apt-mark hold kubelet kubeadm kubectl containerd\n",
            "template": "#!/bin/bash\n# Set the Hostname for the host (Change for each host in the cluster)\nsudo hostnamectl set-hostname c1-node3\n\n# Host configuration startup script\n# Configures /etc/hosts with cluster nodes\n\n# Backup existing hosts file\ncp /etc/hosts /etc/hosts.backup\n\n# Add cluster hosts to /etc/hosts\ncat \u003e\u003e /etc/hosts \u003c\u003c 'EOF'\n\n# Cluster nodes\n10.0.2.10    c1-cp1\n10.0.2.11    c1-node1\n10.0.2.12    c1-node2\n10.0.2.13    c1-node3\nEOF\n\n# Log completion\necho \"$(date): Host configuration completed\" \u003e\u003e /var/log/startup-script.log\n\n# Optional: Display the updated hosts file for verification\necho \"Updated /etc/hosts file:\" \u003e\u003e /var/log/startup-script.log\ncat /etc/hosts \u003e\u003e /var/log/startup-script.log\n\n#Setup \n#   1. 4 VMs Ubuntu 22.04, 1 control plane, 3 nodes.\n#   2. Static IPs on individual VMs\n#   3. /etc/hosts hosts file includes name to IP mappings for VMs\n#   4. Swap is disabled\n\n#0 - Disable swap, swapoff then edit your fstab removing any entry for swap partitions\n#You can recover the space with fdisk. You may want to reboot to ensure your config is ok. \nsudo swapoff -a\n#vi /etc/fstab\n\n#0 - Install Packages \n#containerd prerequisites, and load two modules and configure them to load on boot\n#https://kubernetes.io/docs/setup/production-environment/container-runtimes/\ncat \u003c\u003cEOF | sudo tee /etc/modules-load.d/k8s.conf\noverlay\nbr_netfilter\nEOF\n\nsudo modprobe overlay\nsudo modprobe br_netfilter\n\n# sysctl params required by setup, params persist across reboots\ncat \u003c\u003cEOF | sudo tee /etc/sysctl.d/k8s.conf\nnet.bridge.bridge-nf-call-iptables  = 1\nnet.bridge.bridge-nf-call-ip6tables = 1\nnet.ipv4.ip_forward                 = 1\nEOF\n\n\n# Apply sysctl params without reboot\nsudo sysctl --system\n\n#Install containerd...\nsudo apt-get update\nsudo apt-get clean\nsudo apt-get autoremove\nsudo apt-get install -y containerd\n\n#Create a containerd configuration file\nsudo mkdir -p /etc/containerd\n\nsudo containerd config default | sudo tee /etc/containerd/config.toml\n\n#Set the cgroup driver for containerd to systemd which is required for the kubelet.\n#For more information on this config file see:\n# https://github.com/containerd/cri/blob/master/docs/config.md and also\n# https://github.com/containerd/containerd/blob/master/docs/ops.md\n\n#At the end of this section, change SystemdCgroup = false to SystemdCgroup = true\n        [plugins.\"io.containerd.grpc.v1.cri\".containerd.runtimes.runc]\n        ...\n          [plugins.\"io.containerd.grpc.v1.cri\".containerd.runtimes.runc.options]\n            SystemdCgroup = true\n\n#You can use sed to swap in true\nsudo sed -i 's/            SystemdCgroup = false/            SystemdCgroup = true/' /etc/containerd/config.toml\n\n#Verify the change was made\n#grep 'SystemdCgroup = true' /etc/containerd/config.toml\n\n#Restart containerd with the new configuration\nsudo systemctl restart containerd\n\n#Install Kubernetes packages - kubeadm, kubelet and kubectl\n#Add k8s.io's apt repository gpg key, this will likely change for each version of kubernetes release. \nsudo apt-get install -y apt-transport-https ca-certificates curl gpg\nsudo curl -fsSL https://pkgs.k8s.io/core:/stable:/v1.34/deb/Release.key | sudo gpg --dearmor -o /etc/apt/keyrings/kubernetes-apt-keyring.gpg\n\n#Add the Kubernetes apt repository\necho 'deb [signed-by=/etc/apt/keyrings/kubernetes-apt-keyring.gpg] https://pkgs.k8s.io/core:/stable:/v1.34/deb/ /' | sudo tee /etc/apt/sources.list.d/kubernetes.list\n\n#Update the package list and use apt-cache policy to inspect versions available in the repository\nsudo apt-get update\n#apt-cache policy kubelet | head -n 20 \n\n#Try to pick one version back because later in this series, we'll run an upgrade\nVERSION=1.34.0-1.1\nsudo apt-get install -y kubelet=$VERSION kubeadm=$VERSION kubectl=$VERSION \nsudo apt-mark hold kubelet kubeadm kubectl containerd\n",
            "vars": null
          },
          "sensitive_attributes": []
        }
      ]
    },
    {
      "mode": "managed",
      "type": "aws_eip",
      "name": "bigip_mgmt_eip",
      "provider": "provider[\"registry.terraform.io/hashicorp/aws\"]",
      "instances": [
        {
          "schema_version": 0,
          "attributes": {
            "address": null,
            "allocation_id": "eipalloc-05fa16a7d18c50ced",
            "arn": "arn:aws:ec2:eu-west-2:524339405707:elastic-ip/eipalloc-05fa16a7d18c50ced",
            "associate_with_private_ip": null,
            "association_id": "eipassoc-056778e6ce437472a",
            "carrier_ip": "",
            "customer_owned_ip": "",
            "customer_owned_ipv4_pool": "",
            "domain": "vpc",
            "id": "eipalloc-05fa16a7d18c50ced",
            "instance": "i-03df80600c93360ee",
            "ipam_pool_id": null,
            "network_border_group": "eu-west-2",
            "network_interface": "eni-0fbb56b64fc65f0c9",
            "private_dns": "ip-10-0-1-100.eu-west-2.compute.internal",
            "private_ip": "10.0.1.100",
            "ptr_record": "",
            "public_dns": "ec2-18-133-56-81.eu-west-2.compute.amazonaws.com",
            "public_ip": "18.133.56.81",
            "public_ipv4_pool": "amazon",
            "region": "eu-west-2",
            "tags": {
              "Name": "BIG-IP-MGMT-EIP"
            },
            "tags_all": {
              "Name": "BIG-IP-MGMT-EIP"
            },
            "timeouts": null
          },
          "sensitive_attributes": [],
          "private": "eyJlMmJmYjczMC1lY2FhLTExZTYtOGY4OC0zNDM2M2JjN2M0YzAiOnsiZGVsZXRlIjoxODAwMDAwMDAwMDAsInJlYWQiOjkwMDAwMDAwMDAwMCwidXBkYXRlIjozMDAwMDAwMDAwMDB9fQ=="
        }
      ]
    },
    {
      "mode": "managed",
      "type": "aws_eip",
      "name": "c1-cp1",
      "provider": "provider[\"registry.terraform.io/hashicorp/aws\"]",
      "instances": [
        {
          "schema_version": 0,
          "attributes": {
            "address": null,
            "allocation_id": "eipalloc-0326dc1471defb726",
            "arn": "arn:aws:ec2:eu-west-2:524339405707:elastic-ip/eipalloc-0326dc1471defb726",
            "associate_with_private_ip": null,
            "association_id": "eipassoc-0372dd267c296b83f",
            "carrier_ip": "",
            "customer_owned_ip": "",
            "customer_owned_ipv4_pool": "",
            "domain": "vpc",
            "id": "eipalloc-0326dc1471defb726",
            "instance": "i-038ef96e359036ee8",
            "ipam_pool_id": null,
            "network_border_group": "eu-west-2",
            "network_interface": "eni-08bc09a75e7a78682",
            "private_dns": "ip-10-0-2-10.eu-west-2.compute.internal",
            "private_ip": "10.0.2.10",
            "ptr_record": "",
            "public_dns": "ec2-35-178-51-191.eu-west-2.compute.amazonaws.com",
            "public_ip": "35.178.51.191",
            "public_ipv4_pool": "amazon",
            "region": "eu-west-2",
            "tags": {
              "Name": "OB1-c1-cp1-eip"
            },
            "tags_all": {
              "Name": "OB1-c1-cp1-eip"
            },
            "timeouts": null
          },
          "sensitive_attributes": [],
          "private": "eyJlMmJmYjczMC1lY2FhLTExZTYtOGY4OC0zNDM2M2JjN2M0YzAiOnsiZGVsZXRlIjoxODAwMDAwMDAwMDAsInJlYWQiOjkwMDAwMDAwMDAwMCwidXBkYXRlIjozMDAwMDAwMDAwMDB9fQ==",
          "dependencies": [
            "aws_instance.c1-cp1",
            "aws_security_group.f5",
            "data.template_file.user_data1",
            "module.vpc.aws_subnet.public",
            "module.vpc.aws_vpc.this",
            "module.vpc.aws_vpc_ipv4_cidr_block_association.this"
          ]
        }
      ]
    },
    {
      "mode": "managed",
      "type": "aws_eip_association",
      "name": "mgmt_eip_assoc",
      "provider": "provider[\"registry.terraform.io/hashicorp/aws\"]",
      "instances": [
        {
          "schema_version": 0,
          "attributes": {
            "allocation_id": "eipalloc-05fa16a7d18c50ced",
            "allow_reassociation": null,
            "id": "eipassoc-056778e6ce437472a",
            "instance_id": "i-03df80600c93360ee",
            "network_interface_id": "eni-0fbb56b64fc65f0c9",
            "private_ip_address": "10.0.1.100",
            "public_ip": "18.133.56.81",
            "region": "eu-west-2"
          },
          "sensitive_attributes": [],
          "private": "bnVsbA==",
          "dependencies": [
            "aws_eip.bigip_mgmt_eip",
            "aws_network_interface.mgmt",
            "aws_security_group.f5",
            "module.vpc.aws_subnet.public",
            "module.vpc.aws_vpc.this",
            "module.vpc.aws_vpc_ipv4_cidr_block_association.this"
          ]
        }
      ]
    },
    {
      "mode": "managed",
      "type": "aws_instance",
      "name": "bigip",
      "provider": "provider[\"registry.terraform.io/hashicorp/aws\"]",
      "instances": [
        {
          "schema_version": 2,
          "attributes": {
            "ami": "ami-00920d9e85b5caa90",
            "arn": "arn:aws:ec2:eu-west-2:524339405707:instance/i-03df80600c93360ee",
            "associate_public_ip_address": true,
            "availability_zone": "eu-west-2a",
            "capacity_reservation_specification": [
              {
                "capacity_reservation_preference": "open",
                "capacity_reservation_target": []
              }
            ],
            "cpu_options": [
              {
                "amd_sev_snp": "",
                "core_count": 1,
                "threads_per_core": 2
              }
            ],
            "credit_specification": [],
            "disable_api_stop": false,
            "disable_api_termination": false,
            "ebs_block_device": [],
            "ebs_optimized": false,
            "enable_primary_ipv6": null,
            "enclave_options": [
              {
                "enabled": false
              }
            ],
            "ephemeral_block_device": [],
            "force_destroy": false,
            "get_password_data": false,
            "hibernation": false,
            "host_id": "",
            "host_resource_group_arn": null,
            "iam_instance_profile": "",
            "id": "i-03df80600c93360ee",
            "instance_initiated_shutdown_behavior": "stop",
            "instance_lifecycle": "",
            "instance_market_options": [],
            "instance_state": "running",
            "instance_type": "m5.large",
            "ipv6_address_count": 0,
            "ipv6_addresses": [],
            "key_name": "OB1_keypair",
            "launch_template": [],
            "maintenance_options": [
              {
                "auto_recovery": "default"
              }
            ],
            "metadata_options": [
              {
                "http_endpoint": "enabled",
                "http_protocol_ipv6": "disabled",
                "http_put_response_hop_limit": 1,
                "http_tokens": "optional",
                "instance_metadata_tags": "disabled"
              }
            ],
            "monitoring": false,
            "network_interface": [
              {
                "delete_on_termination": false,
                "device_index": 0,
                "network_card_index": 0,
                "network_interface_id": "eni-0fbb56b64fc65f0c9"
              },
              {
                "delete_on_termination": false,
                "device_index": 1,
                "network_card_index": 0,
                "network_interface_id": "eni-068b2767dbe590ee5"
              }
            ],
            "outpost_arn": "",
            "password_data": "",
            "placement_group": "",
            "placement_group_id": "",
            "placement_partition_number": 0,
            "primary_network_interface": [
              {
                "delete_on_termination": false,
                "network_interface_id": "eni-0fbb56b64fc65f0c9"
              }
            ],
            "primary_network_interface_id": "eni-0fbb56b64fc65f0c9",
            "private_dns": "ip-10-0-1-100.eu-west-2.compute.internal",
            "private_dns_name_options": [
              {
                "enable_resource_name_dns_a_record": false,
                "enable_resource_name_dns_aaaa_record": false,
                "hostname_type": "ip-name"
              }
            ],
            "private_ip": "10.0.1.100",
            "public_dns": "ec2-18-133-56-81.eu-west-2.compute.amazonaws.com",
            "public_ip": "18.133.56.81",
            "region": "eu-west-2",
            "root_block_device": [
              {
                "delete_on_termination": true,
                "device_name": "/dev/xvda",
                "encrypted": false,
                "iops": 246,
                "kms_key_id": "",
                "tags": {},
                "tags_all": {},
                "throughput": 0,
                "volume_id": "vol-0ec492e5c6e642edd",
                "volume_size": 82,
                "volume_type": "gp2"
              }
            ],
            "secondary_private_ips": [],
            "security_groups": [],
            "source_dest_check": true,
            "spot_instance_request_id": "",
            "subnet_id": "subnet-0c72537974dc052d0",
            "tags": {
              "Name": "OB1_BIG_IP"
            },
            "tags_all": {
              "Name": "OB1_BIG_IP"
            },
            "tenancy": "default",
            "timeouts": null,
            "user_data": "#cloud-config\nchpasswd:\n  list: |\n    root:theBIGip4321?\n    admin:theBIGip4321?\n  expire: False\n",
            "user_data_base64": null,
            "user_data_replace_on_change": false,
            "volume_tags": null,
            "vpc_security_group_ids": [
              "sg-0de12560331304afc"
            ]
          },
          "sensitive_attributes": [],
          "private": "eyJlMmJmYjczMC1lY2FhLTExZTYtOGY4OC0zNDM2M2JjN2M0YzAiOnsiY3JlYXRlIjo2MDAwMDAwMDAwMDAsImRlbGV0ZSI6MTIwMDAwMDAwMDAwMCwicmVhZCI6OTAwMDAwMDAwMDAwLCJ1cGRhdGUiOjYwMDAwMDAwMDAwMH0sInNjaGVtYV92ZXJzaW9uIjoiMiJ9",
          "dependencies": [
            "aws_network_interface.mgmt",
            "aws_network_interface.prod",
            "aws_security_group.f5",
            "module.vpc.aws_subnet.public",
            "module.vpc.aws_vpc.this",
            "module.vpc.aws_vpc_ipv4_cidr_block_association.this"
          ]
        }
      ]
    },
    {
      "mode": "managed",
      "type": "aws_instance",
      "name": "c1-cp1",
      "provider": "provider[\"registry.terraform.io/hashicorp/aws\"]",
      "instances": [
        {
          "schema_version": 2,
          "attributes": {
            "ami": "ami-0379821d182aac933",
            "arn": "arn:aws:ec2:eu-west-2:524339405707:instance/i-038ef96e359036ee8",
            "associate_public_ip_address": true,
            "availability_zone": "eu-west-2a",
            "capacity_reservation_specification": [
              {
                "capacity_reservation_preference": "open",
                "capacity_reservation_target": []
              }
            ],
            "cpu_options": [
              {
                "amd_sev_snp": "",
                "core_count": 1,
                "threads_per_core": 2
              }
            ],
            "credit_specification": [
              {
                "cpu_credits": "unlimited"
              }
            ],
            "disable_api_stop": false,
            "disable_api_termination": false,
            "ebs_block_device": [],
            "ebs_optimized": false,
            "enable_primary_ipv6": null,
            "enclave_options": [
              {
                "enabled": false
              }
            ],
            "ephemeral_block_device": [],
            "force_destroy": false,
            "get_password_data": false,
            "hibernation": false,
            "host_id": "",
            "host_resource_group_arn": null,
            "iam_instance_profile": "",
            "id": "i-038ef96e359036ee8",
            "instance_initiated_shutdown_behavior": "stop",
            "instance_lifecycle": "",
            "instance_market_options": [],
            "instance_state": "running",
            "instance_type": "t3a.small",
            "ipv6_address_count": 0,
            "ipv6_addresses": [],
            "key_name": "OB1_keypair",
            "launch_template": [],
            "maintenance_options": [
              {
                "auto_recovery": "default"
              }
            ],
            "metadata_options": [
              {
                "http_endpoint": "enabled",
                "http_protocol_ipv6": "disabled",
                "http_put_response_hop_limit": 1,
                "http_tokens": "optional",
                "instance_metadata_tags": "disabled"
              }
            ],
            "monitoring": false,
            "network_interface": [],
            "outpost_arn": "",
            "password_data": "",
            "placement_group": "",
            "placement_group_id": "",
            "placement_partition_number": 0,
            "primary_network_interface": [
              {
                "delete_on_termination": true,
                "network_interface_id": "eni-08bc09a75e7a78682"
              }
            ],
            "primary_network_interface_id": "eni-08bc09a75e7a78682",
            "private_dns": "ip-10-0-2-10.eu-west-2.compute.internal",
            "private_dns_name_options": [
              {
                "enable_resource_name_dns_a_record": false,
                "enable_resource_name_dns_aaaa_record": false,
                "hostname_type": "ip-name"
              }
            ],
            "private_ip": "10.0.2.10",
            "public_dns": "ec2-35-178-51-191.eu-west-2.compute.amazonaws.com",
            "public_ip": "35.178.51.191",
            "region": "eu-west-2",
            "root_block_device": [
              {
                "delete_on_termination": true,
                "device_name": "/dev/sda1",
                "encrypted": false,
                "iops": 100,
                "kms_key_id": "",
                "tags": {},
                "tags_all": {},
                "throughput": 0,
                "volume_id": "vol-0c60d4a77b7cef966",
                "volume_size": 8,
                "volume_type": "gp2"
              }
            ],
            "secondary_private_ips": [],
            "security_groups": [],
            "source_dest_check": true,
            "spot_instance_request_id": "",
            "subnet_id": "subnet-0db3adf9cdd9ccb93",
            "tags": {
              "Name": "OB1-c1-cp1"
            },
            "tags_all": {
              "Name": "OB1-c1-cp1"
            },
            "tenancy": "default",
            "timeouts": null,
            "user_data": "#!/bin/bash\n# Set the Hostname for the host (Change for each host in the cluster)\nsudo hostnamectl set-hostname c1-cp1\n\n# Host configuration startup script\n# Configures /etc/hosts with cluster nodes\n\n# Backup existing hosts file\ncp /etc/hosts /etc/hosts.backup\n\n# Add cluster hosts to /etc/hosts\ncat \u003e\u003e /etc/hosts \u003c\u003c 'EOF'\n\n# Cluster nodes\n10.0.2.10    c1-cp1\n10.0.2.11    c1-node1\n10.0.2.12    c1-node2\n10.0.2.13    c1-node3\nEOF\n\n# Log completion\necho \"$(date): Host configuration completed\" \u003e\u003e /var/log/startup-script.log\n\n# Optional: Display the updated hosts file for verification\necho \"Updated /etc/hosts file:\" \u003e\u003e /var/log/startup-script.log\ncat /etc/hosts \u003e\u003e /var/log/startup-script.log\n\n#Setup \n#   1. 4 VMs Ubuntu 22.04, 1 control plane, 3 nodes.\n#   2. Static IPs on individual VMs\n#   3. /etc/hosts hosts file includes name to IP mappings for VMs\n#   4. Swap is disabled\n\n#0 - Disable swap, swapoff then edit your fstab removing any entry for swap partitions\n#You can recover the space with fdisk. You may want to reboot to ensure your config is ok. \nsudo swapoff -a\n#vi /etc/fstab\n\n#0 - Install Packages \n#containerd prerequisites, and load two modules and configure them to load on boot\n#https://kubernetes.io/docs/setup/production-environment/container-runtimes/\ncat \u003c\u003cEOF | sudo tee /etc/modules-load.d/k8s.conf\noverlay\nbr_netfilter\nEOF\n\nsudo modprobe overlay\nsudo modprobe br_netfilter\n\n# sysctl params required by setup, params persist across reboots\ncat \u003c\u003cEOF | sudo tee /etc/sysctl.d/k8s.conf\nnet.bridge.bridge-nf-call-iptables  = 1\nnet.bridge.bridge-nf-call-ip6tables = 1\nnet.ipv4.ip_forward                 = 1\nEOF\n\n\n# Apply sysctl params without reboot\nsudo sysctl --system\n\n#Install containerd...\nsudo apt-get update\nsudo apt-get clean\nsudo apt-get autoremove\nsudo apt-get install -y containerd\n\n#Create a containerd configuration file\nsudo mkdir -p /etc/containerd\n\nsudo containerd config default | sudo tee /etc/containerd/config.toml\n\n#Set the cgroup driver for containerd to systemd which is required for the kubelet.\n#For more information on this config file see:\n# https://github.com/containerd/cri/blob/master/docs/config.md and also\n# https://github.com/containerd/containerd/blob/master/docs/ops.md\n\n#At the end of this section, change SystemdCgroup = false to SystemdCgroup = true\n        [plugins.\"io.containerd.grpc.v1.cri\".containerd.runtimes.runc]\n        ...\n          [plugins.\"io.containerd.grpc.v1.cri\".containerd.runtimes.runc.options]\n            SystemdCgroup = true\n\n#You can use sed to swap in true\nsudo sed -i 's/            SystemdCgroup = false/            SystemdCgroup = true/' /etc/containerd/config.toml\n\n#Verify the change was made\n#grep 'SystemdCgroup = true' /etc/containerd/config.toml\n\n#Restart containerd with the new configuration\nsudo systemctl restart containerd\n\n#Install Kubernetes packages - kubeadm, kubelet and kubectl\n#Add k8s.io's apt repository gpg key, this will likely change for each version of kubernetes release. \nsudo apt-get install -y apt-transport-https ca-certificates curl gpg\nsudo curl -fsSL https://pkgs.k8s.io/core:/stable:/v1.34/deb/Release.key | sudo gpg --dearmor -o /etc/apt/keyrings/kubernetes-apt-keyring.gpg\n\n#Add the Kubernetes apt repository\necho 'deb [signed-by=/etc/apt/keyrings/kubernetes-apt-keyring.gpg] https://pkgs.k8s.io/core:/stable:/v1.34/deb/ /' | sudo tee /etc/apt/sources.list.d/kubernetes.list\n\n#Update the package list and use apt-cache policy to inspect versions available in the repository\nsudo apt-get update\n#apt-cache policy kubelet | head -n 20 \n\n#Try to pick one version back because later in this series, we'll run an upgrade\nVERSION=1.34.0-1.1\nsudo apt-get install -y kubelet=$VERSION kubeadm=$VERSION kubectl=$VERSION \nsudo apt-mark hold kubelet kubeadm kubectl containerd\n",
            "user_data_base64": null,
            "user_data_replace_on_change": false,
            "volume_tags": null,
            "vpc_security_group_ids": [
              "sg-0de12560331304afc"
            ]
          },
          "sensitive_attributes": [],
          "private": "eyJlMmJmYjczMC1lY2FhLTExZTYtOGY4OC0zNDM2M2JjN2M0YzAiOnsiY3JlYXRlIjo2MDAwMDAwMDAwMDAsImRlbGV0ZSI6MTIwMDAwMDAwMDAwMCwicmVhZCI6OTAwMDAwMDAwMDAwLCJ1cGRhdGUiOjYwMDAwMDAwMDAwMH0sInNjaGVtYV92ZXJzaW9uIjoiMiJ9",
          "dependencies": [
            "aws_security_group.f5",
            "data.template_file.user_data1",
            "module.vpc.aws_subnet.public",
            "module.vpc.aws_vpc.this",
            "module.vpc.aws_vpc_ipv4_cidr_block_association.this"
          ]
        }
      ]
    },
    {
      "mode": "managed",
      "type": "aws_instance",
      "name": "c1-node1",
      "provider": "provider[\"registry.terraform.io/hashicorp/aws\"]",
      "instances": [
        {
          "schema_version": 2,
          "attributes": {
            "ami": "ami-0379821d182aac933",
            "arn": "arn:aws:ec2:eu-west-2:524339405707:instance/i-02b091b1ae4a234be",
            "associate_public_ip_address": false,
            "availability_zone": "eu-west-2a",
            "capacity_reservation_specification": [
              {
                "capacity_reservation_preference": "open",
                "capacity_reservation_target": []
              }
            ],
            "cpu_options": [
              {
                "amd_sev_snp": "",
                "core_count": 1,
                "threads_per_core": 2
              }
            ],
            "credit_specification": [
              {
                "cpu_credits": "unlimited"
              }
            ],
            "disable_api_stop": false,
            "disable_api_termination": false,
            "ebs_block_device": [],
            "ebs_optimized": false,
            "enable_primary_ipv6": null,
            "enclave_options": [
              {
                "enabled": false
              }
            ],
            "ephemeral_block_device": [],
            "force_destroy": false,
            "get_password_data": false,
            "hibernation": false,
            "host_id": "",
            "host_resource_group_arn": null,
            "iam_instance_profile": "",
            "id": "i-02b091b1ae4a234be",
            "instance_initiated_shutdown_behavior": "stop",
            "instance_lifecycle": "",
            "instance_market_options": [],
            "instance_state": "running",
            "instance_type": "t3a.small",
            "ipv6_address_count": 0,
            "ipv6_addresses": [],
            "key_name": "OB1_keypair",
            "launch_template": [],
            "maintenance_options": [
              {
                "auto_recovery": "default"
              }
            ],
            "metadata_options": [
              {
                "http_endpoint": "enabled",
                "http_protocol_ipv6": "disabled",
                "http_put_response_hop_limit": 1,
                "http_tokens": "optional",
                "instance_metadata_tags": "disabled"
              }
            ],
            "monitoring": false,
            "network_interface": [],
            "outpost_arn": "",
            "password_data": "",
            "placement_group": "",
            "placement_group_id": "",
            "placement_partition_number": 0,
            "primary_network_interface": [
              {
                "delete_on_termination": true,
                "network_interface_id": "eni-0ef2cdf47aa159c81"
              }
            ],
            "primary_network_interface_id": "eni-0ef2cdf47aa159c81",
            "private_dns": "ip-10-0-2-11.eu-west-2.compute.internal",
            "private_dns_name_options": [
              {
                "enable_resource_name_dns_a_record": false,
                "enable_resource_name_dns_aaaa_record": false,
                "hostname_type": "ip-name"
              }
            ],
            "private_ip": "10.0.2.11",
            "public_dns": "",
            "public_ip": "",
            "region": "eu-west-2",
            "root_block_device": [
              {
                "delete_on_termination": true,
                "device_name": "/dev/sda1",
                "encrypted": false,
                "iops": 100,
                "kms_key_id": "",
                "tags": {},
                "tags_all": {},
                "throughput": 0,
                "volume_id": "vol-0571284d662da1831",
                "volume_size": 8,
                "volume_type": "gp2"
              }
            ],
            "secondary_private_ips": [],
            "security_groups": [],
            "source_dest_check": true,
            "spot_instance_request_id": "",
            "subnet_id": "subnet-0db3adf9cdd9ccb93",
            "tags": {
              "Name": "OB1-c1-node1"
            },
            "tags_all": {
              "Name": "OB1-c1-node1"
            },
            "tenancy": "default",
            "timeouts": null,
            "user_data": "#!/bin/bash\n# Set the Hostname for the host (Change for each host in the cluster)\nsudo hostnamectl set-hostname c1-node1\n\n# Host configuration startup script\n# Configures /etc/hosts with cluster nodes\n\n# Backup existing hosts file\ncp /etc/hosts /etc/hosts.backup\n\n# Add cluster hosts to /etc/hosts\ncat \u003e\u003e /etc/hosts \u003c\u003c 'EOF'\n\n# Cluster nodes\n10.0.2.10    c1-cp1\n10.0.2.11    c1-node1\n10.0.2.12    c1-node2\n10.0.2.13    c1-node3\nEOF\n\n# Log completion\necho \"$(date): Host configuration completed\" \u003e\u003e /var/log/startup-script.log\n\n# Optional: Display the updated hosts file for verification\necho \"Updated /etc/hosts file:\" \u003e\u003e /var/log/startup-script.log\ncat /etc/hosts \u003e\u003e /var/log/startup-script.log\n\n#Setup \n#   1. 4 VMs Ubuntu 22.04, 1 control plane, 3 nodes.\n#   2. Static IPs on individual VMs\n#   3. /etc/hosts hosts file includes name to IP mappings for VMs\n#   4. Swap is disabled\n\n#0 - Disable swap, swapoff then edit your fstab removing any entry for swap partitions\n#You can recover the space with fdisk. You may want to reboot to ensure your config is ok. \nsudo swapoff -a\n#vi /etc/fstab\n\n#0 - Install Packages \n#containerd prerequisites, and load two modules and configure them to load on boot\n#https://kubernetes.io/docs/setup/production-environment/container-runtimes/\ncat \u003c\u003cEOF | sudo tee /etc/modules-load.d/k8s.conf\noverlay\nbr_netfilter\nEOF\n\nsudo modprobe overlay\nsudo modprobe br_netfilter\n\n# sysctl params required by setup, params persist across reboots\ncat \u003c\u003cEOF | sudo tee /etc/sysctl.d/k8s.conf\nnet.bridge.bridge-nf-call-iptables  = 1\nnet.bridge.bridge-nf-call-ip6tables = 1\nnet.ipv4.ip_forward                 = 1\nEOF\n\n\n# Apply sysctl params without reboot\nsudo sysctl --system\n\n#Install containerd...\nsudo apt-get update\nsudo apt-get clean\nsudo apt-get autoremove\nsudo apt-get install -y containerd\n\n#Create a containerd configuration file\nsudo mkdir -p /etc/containerd\n\nsudo containerd config default | sudo tee /etc/containerd/config.toml\n\n#Set the cgroup driver for containerd to systemd which is required for the kubelet.\n#For more information on this config file see:\n# https://github.com/containerd/cri/blob/master/docs/config.md and also\n# https://github.com/containerd/containerd/blob/master/docs/ops.md\n\n#At the end of this section, change SystemdCgroup = false to SystemdCgroup = true\n        [plugins.\"io.containerd.grpc.v1.cri\".containerd.runtimes.runc]\n        ...\n          [plugins.\"io.containerd.grpc.v1.cri\".containerd.runtimes.runc.options]\n            SystemdCgroup = true\n\n#You can use sed to swap in true\nsudo sed -i 's/            SystemdCgroup = false/            SystemdCgroup = true/' /etc/containerd/config.toml\n\n#Verify the change was made\n#grep 'SystemdCgroup = true' /etc/containerd/config.toml\n\n#Restart containerd with the new configuration\nsudo systemctl restart containerd\n\n#Install Kubernetes packages - kubeadm, kubelet and kubectl\n#Add k8s.io's apt repository gpg key, this will likely change for each version of kubernetes release. \nsudo apt-get install -y apt-transport-https ca-certificates curl gpg\nsudo curl -fsSL https://pkgs.k8s.io/core:/stable:/v1.34/deb/Release.key | sudo gpg --dearmor -o /etc/apt/keyrings/kubernetes-apt-keyring.gpg\n\n#Add the Kubernetes apt repository\necho 'deb [signed-by=/etc/apt/keyrings/kubernetes-apt-keyring.gpg] https://pkgs.k8s.io/core:/stable:/v1.34/deb/ /' | sudo tee /etc/apt/sources.list.d/kubernetes.list\n\n#Update the package list and use apt-cache policy to inspect versions available in the repository\nsudo apt-get update\n#apt-cache policy kubelet | head -n 20 \n\n#Try to pick one version back because later in this series, we'll run an upgrade\nVERSION=1.34.0-1.1\nsudo apt-get install -y kubelet=$VERSION kubeadm=$VERSION kubectl=$VERSION \nsudo apt-mark hold kubelet kubeadm kubectl containerd\n",
            "user_data_base64": null,
            "user_data_replace_on_change": false,
            "volume_tags": null,
            "vpc_security_group_ids": [
              "sg-0de12560331304afc"
            ]
          },
          "sensitive_attributes": [],
          "private": "eyJlMmJmYjczMC1lY2FhLTExZTYtOGY4OC0zNDM2M2JjN2M0YzAiOnsiY3JlYXRlIjo2MDAwMDAwMDAwMDAsImRlbGV0ZSI6MTIwMDAwMDAwMDAwMCwicmVhZCI6OTAwMDAwMDAwMDAwLCJ1cGRhdGUiOjYwMDAwMDAwMDAwMH0sInNjaGVtYV92ZXJzaW9uIjoiMiJ9",
          "dependencies": [
            "aws_security_group.f5",
            "data.template_file.user_data2",
            "module.vpc.aws_subnet.public",
            "module.vpc.aws_vpc.this",
            "module.vpc.aws_vpc_ipv4_cidr_block_association.this"
          ]
        }
      ]
    },
    {
      "mode": "managed",
      "type": "aws_instance",
      "name": "c1-node2",
      "provider": "provider[\"registry.terraform.io/hashicorp/aws\"]",
      "instances": [
        {
          "schema_version": 2,
          "attributes": {
            "ami": "ami-0379821d182aac933",
            "arn": "arn:aws:ec2:eu-west-2:524339405707:instance/i-09b57dd980c139439",
            "associate_public_ip_address": false,
            "availability_zone": "eu-west-2a",
            "capacity_reservation_specification": [
              {
                "capacity_reservation_preference": "open",
                "capacity_reservation_target": []
              }
            ],
            "cpu_options": [
              {
                "amd_sev_snp": "",
                "core_count": 1,
                "threads_per_core": 2
              }
            ],
            "credit_specification": [
              {
                "cpu_credits": "unlimited"
              }
            ],
            "disable_api_stop": false,
            "disable_api_termination": false,
            "ebs_block_device": [],
            "ebs_optimized": false,
            "enable_primary_ipv6": null,
            "enclave_options": [
              {
                "enabled": false
              }
            ],
            "ephemeral_block_device": [],
            "force_destroy": false,
            "get_password_data": false,
            "hibernation": false,
            "host_id": "",
            "host_resource_group_arn": null,
            "iam_instance_profile": "",
            "id": "i-09b57dd980c139439",
            "instance_initiated_shutdown_behavior": "stop",
            "instance_lifecycle": "",
            "instance_market_options": [],
            "instance_state": "running",
            "instance_type": "t3a.small",
            "ipv6_address_count": 0,
            "ipv6_addresses": [],
            "key_name": "OB1_keypair",
            "launch_template": [],
            "maintenance_options": [
              {
                "auto_recovery": "default"
              }
            ],
            "metadata_options": [
              {
                "http_endpoint": "enabled",
                "http_protocol_ipv6": "disabled",
                "http_put_response_hop_limit": 1,
                "http_tokens": "optional",
                "instance_metadata_tags": "disabled"
              }
            ],
            "monitoring": false,
            "network_interface": [],
            "outpost_arn": "",
            "password_data": "",
            "placement_group": "",
            "placement_group_id": "",
            "placement_partition_number": 0,
            "primary_network_interface": [
              {
                "delete_on_termination": true,
                "network_interface_id": "eni-0c9662c5a14bc027b"
              }
            ],
            "primary_network_interface_id": "eni-0c9662c5a14bc027b",
            "private_dns": "ip-10-0-2-12.eu-west-2.compute.internal",
            "private_dns_name_options": [
              {
                "enable_resource_name_dns_a_record": false,
                "enable_resource_name_dns_aaaa_record": false,
                "hostname_type": "ip-name"
              }
            ],
            "private_ip": "10.0.2.12",
            "public_dns": "",
            "public_ip": "",
            "region": "eu-west-2",
            "root_block_device": [
              {
                "delete_on_termination": true,
                "device_name": "/dev/sda1",
                "encrypted": false,
                "iops": 100,
                "kms_key_id": "",
                "tags": {},
                "tags_all": {},
                "throughput": 0,
                "volume_id": "vol-05631a54fc181d665",
                "volume_size": 8,
                "volume_type": "gp2"
              }
            ],
            "secondary_private_ips": [],
            "security_groups": [],
            "source_dest_check": true,
            "spot_instance_request_id": "",
            "subnet_id": "subnet-0db3adf9cdd9ccb93",
            "tags": {
              "Name": "OB1-c1-node2"
            },
            "tags_all": {
              "Name": "OB1-c1-node2"
            },
            "tenancy": "default",
            "timeouts": null,
            "user_data": "#!/bin/bash\n# Set the Hostname for the host (Change for each host in the cluster)\nsudo hostnamectl set-hostname c1-node2\n\n# Host configuration startup script\n# Configures /etc/hosts with cluster nodes\n\n# Backup existing hosts file\ncp /etc/hosts /etc/hosts.backup\n\n# Add cluster hosts to /etc/hosts\ncat \u003e\u003e /etc/hosts \u003c\u003c 'EOF'\n\n# Cluster nodes\n10.0.2.10    c1-cp1\n10.0.2.11    c1-node1\n10.0.2.12    c1-node2\n10.0.2.13    c1-node3\nEOF\n\n# Log completion\necho \"$(date): Host configuration completed\" \u003e\u003e /var/log/startup-script.log\n\n# Optional: Display the updated hosts file for verification\necho \"Updated /etc/hosts file:\" \u003e\u003e /var/log/startup-script.log\ncat /etc/hosts \u003e\u003e /var/log/startup-script.log\n\n#Setup \n#   1. 4 VMs Ubuntu 22.04, 1 control plane, 3 nodes.\n#   2. Static IPs on individual VMs\n#   3. /etc/hosts hosts file includes name to IP mappings for VMs\n#   4. Swap is disabled\n\n#0 - Disable swap, swapoff then edit your fstab removing any entry for swap partitions\n#You can recover the space with fdisk. You may want to reboot to ensure your config is ok. \nsudo swapoff -a\n#vi /etc/fstab\n\n#0 - Install Packages \n#containerd prerequisites, and load two modules and configure them to load on boot\n#https://kubernetes.io/docs/setup/production-environment/container-runtimes/\ncat \u003c\u003cEOF | sudo tee /etc/modules-load.d/k8s.conf\noverlay\nbr_netfilter\nEOF\n\nsudo modprobe overlay\nsudo modprobe br_netfilter\n\n# sysctl params required by setup, params persist across reboots\ncat \u003c\u003cEOF | sudo tee /etc/sysctl.d/k8s.conf\nnet.bridge.bridge-nf-call-iptables  = 1\nnet.bridge.bridge-nf-call-ip6tables = 1\nnet.ipv4.ip_forward                 = 1\nEOF\n\n\n# Apply sysctl params without reboot\nsudo sysctl --system\n\n#Install containerd...\nsudo apt-get update\nsudo apt-get clean\nsudo apt-get autoremove\nsudo apt-get install -y containerd\n\n#Create a containerd configuration file\nsudo mkdir -p /etc/containerd\n\nsudo containerd config default | sudo tee /etc/containerd/config.toml\n\n#Set the cgroup driver for containerd to systemd which is required for the kubelet.\n#For more information on this config file see:\n# https://github.com/containerd/cri/blob/master/docs/config.md and also\n# https://github.com/containerd/containerd/blob/master/docs/ops.md\n\n#At the end of this section, change SystemdCgroup = false to SystemdCgroup = true\n        [plugins.\"io.containerd.grpc.v1.cri\".containerd.runtimes.runc]\n        ...\n          [plugins.\"io.containerd.grpc.v1.cri\".containerd.runtimes.runc.options]\n            SystemdCgroup = true\n\n#You can use sed to swap in true\nsudo sed -i 's/            SystemdCgroup = false/            SystemdCgroup = true/' /etc/containerd/config.toml\n\n#Verify the change was made\n#grep 'SystemdCgroup = true' /etc/containerd/config.toml\n\n#Restart containerd with the new configuration\nsudo systemctl restart containerd\n\n#Install Kubernetes packages - kubeadm, kubelet and kubectl\n#Add k8s.io's apt repository gpg key, this will likely change for each version of kubernetes release. \nsudo apt-get install -y apt-transport-https ca-certificates curl gpg\nsudo curl -fsSL https://pkgs.k8s.io/core:/stable:/v1.34/deb/Release.key | sudo gpg --dearmor -o /etc/apt/keyrings/kubernetes-apt-keyring.gpg\n\n#Add the Kubernetes apt repository\necho 'deb [signed-by=/etc/apt/keyrings/kubernetes-apt-keyring.gpg] https://pkgs.k8s.io/core:/stable:/v1.34/deb/ /' | sudo tee /etc/apt/sources.list.d/kubernetes.list\n\n#Update the package list and use apt-cache policy to inspect versions available in the repository\nsudo apt-get update\n#apt-cache policy kubelet | head -n 20 \n\n#Try to pick one version back because later in this series, we'll run an upgrade\nVERSION=1.34.0-1.1\nsudo apt-get install -y kubelet=$VERSION kubeadm=$VERSION kubectl=$VERSION \nsudo apt-mark hold kubelet kubeadm kubectl containerd\n",
            "user_data_base64": null,
            "user_data_replace_on_change": false,
            "volume_tags": null,
            "vpc_security_group_ids": [
              "sg-0de12560331304afc"
            ]
          },
          "sensitive_attributes": [],
          "private": "eyJlMmJmYjczMC1lY2FhLTExZTYtOGY4OC0zNDM2M2JjN2M0YzAiOnsiY3JlYXRlIjo2MDAwMDAwMDAwMDAsImRlbGV0ZSI6MTIwMDAwMDAwMDAwMCwicmVhZCI6OTAwMDAwMDAwMDAwLCJ1cGRhdGUiOjYwMDAwMDAwMDAwMH0sInNjaGVtYV92ZXJzaW9uIjoiMiJ9",
          "dependencies": [
            "aws_security_group.f5",
            "data.template_file.user_data3",
            "module.vpc.aws_subnet.public",
            "module.vpc.aws_vpc.this",
            "module.vpc.aws_vpc_ipv4_cidr_block_association.this"
          ]
        }
      ]
    },
    {
      "mode": "managed",
      "type": "aws_instance",
      "name": "c1-node3",
      "provider": "provider[\"registry.terraform.io/hashicorp/aws\"]",
      "instances": [
        {
          "schema_version": 2,
          "attributes": {
            "ami": "ami-0379821d182aac933",
            "arn": "arn:aws:ec2:eu-west-2:524339405707:instance/i-03ec0dcb775bc8834",
            "associate_public_ip_address": false,
            "availability_zone": "eu-west-2a",
            "capacity_reservation_specification": [
              {
                "capacity_reservation_preference": "open",
                "capacity_reservation_target": []
              }
            ],
            "cpu_options": [
              {
                "amd_sev_snp": "",
                "core_count": 1,
                "threads_per_core": 2
              }
            ],
            "credit_specification": [
              {
                "cpu_credits": "unlimited"
              }
            ],
            "disable_api_stop": false,
            "disable_api_termination": false,
            "ebs_block_device": [],
            "ebs_optimized": false,
            "enable_primary_ipv6": null,
            "enclave_options": [
              {
                "enabled": false
              }
            ],
            "ephemeral_block_device": [],
            "force_destroy": false,
            "get_password_data": false,
            "hibernation": false,
            "host_id": "",
            "host_resource_group_arn": null,
            "iam_instance_profile": "",
            "id": "i-03ec0dcb775bc8834",
            "instance_initiated_shutdown_behavior": "stop",
            "instance_lifecycle": "",
            "instance_market_options": [],
            "instance_state": "running",
            "instance_type": "t3a.small",
            "ipv6_address_count": 0,
            "ipv6_addresses": [],
            "key_name": "OB1_keypair",
            "launch_template": [],
            "maintenance_options": [
              {
                "auto_recovery": "default"
              }
            ],
            "metadata_options": [
              {
                "http_endpoint": "enabled",
                "http_protocol_ipv6": "disabled",
                "http_put_response_hop_limit": 1,
                "http_tokens": "optional",
                "instance_metadata_tags": "disabled"
              }
            ],
            "monitoring": false,
            "network_interface": [],
            "outpost_arn": "",
            "password_data": "",
            "placement_group": "",
            "placement_group_id": "",
            "placement_partition_number": 0,
            "primary_network_interface": [
              {
                "delete_on_termination": true,
                "network_interface_id": "eni-0416c2254b0c8abc3"
              }
            ],
            "primary_network_interface_id": "eni-0416c2254b0c8abc3",
            "private_dns": "ip-10-0-2-13.eu-west-2.compute.internal",
            "private_dns_name_options": [
              {
                "enable_resource_name_dns_a_record": false,
                "enable_resource_name_dns_aaaa_record": false,
                "hostname_type": "ip-name"
              }
            ],
            "private_ip": "10.0.2.13",
            "public_dns": "",
            "public_ip": "",
            "region": "eu-west-2",
            "root_block_device": [
              {
                "delete_on_termination": true,
                "device_name": "/dev/sda1",
                "encrypted": false,
                "iops": 100,
                "kms_key_id": "",
                "tags": {},
                "tags_all": {},
                "throughput": 0,
                "volume_id": "vol-08a657305c335cef6",
                "volume_size": 8,
                "volume_type": "gp2"
              }
            ],
            "secondary_private_ips": [],
            "security_groups": [],
            "source_dest_check": true,
            "spot_instance_request_id": "",
            "subnet_id": "subnet-0db3adf9cdd9ccb93",
            "tags": {
              "Name": "OB1-c1-node3"
            },
            "tags_all": {
              "Name": "OB1-c1-node3"
            },
            "tenancy": "default",
            "timeouts": null,
            "user_data": "#!/bin/bash\n# Set the Hostname for the host (Change for each host in the cluster)\nsudo hostnamectl set-hostname c1-node3\n\n# Host configuration startup script\n# Configures /etc/hosts with cluster nodes\n\n# Backup existing hosts file\ncp /etc/hosts /etc/hosts.backup\n\n# Add cluster hosts to /etc/hosts\ncat \u003e\u003e /etc/hosts \u003c\u003c 'EOF'\n\n# Cluster nodes\n10.0.2.10    c1-cp1\n10.0.2.11    c1-node1\n10.0.2.12    c1-node2\n10.0.2.13    c1-node3\nEOF\n\n# Log completion\necho \"$(date): Host configuration completed\" \u003e\u003e /var/log/startup-script.log\n\n# Optional: Display the updated hosts file for verification\necho \"Updated /etc/hosts file:\" \u003e\u003e /var/log/startup-script.log\ncat /etc/hosts \u003e\u003e /var/log/startup-script.log\n\n#Setup \n#   1. 4 VMs Ubuntu 22.04, 1 control plane, 3 nodes.\n#   2. Static IPs on individual VMs\n#   3. /etc/hosts hosts file includes name to IP mappings for VMs\n#   4. Swap is disabled\n\n#0 - Disable swap, swapoff then edit your fstab removing any entry for swap partitions\n#You can recover the space with fdisk. You may want to reboot to ensure your config is ok. \nsudo swapoff -a\n#vi /etc/fstab\n\n#0 - Install Packages \n#containerd prerequisites, and load two modules and configure them to load on boot\n#https://kubernetes.io/docs/setup/production-environment/container-runtimes/\ncat \u003c\u003cEOF | sudo tee /etc/modules-load.d/k8s.conf\noverlay\nbr_netfilter\nEOF\n\nsudo modprobe overlay\nsudo modprobe br_netfilter\n\n# sysctl params required by setup, params persist across reboots\ncat \u003c\u003cEOF | sudo tee /etc/sysctl.d/k8s.conf\nnet.bridge.bridge-nf-call-iptables  = 1\nnet.bridge.bridge-nf-call-ip6tables = 1\nnet.ipv4.ip_forward                 = 1\nEOF\n\n\n# Apply sysctl params without reboot\nsudo sysctl --system\n\n#Install containerd...\nsudo apt-get update\nsudo apt-get clean\nsudo apt-get autoremove\nsudo apt-get install -y containerd\n\n#Create a containerd configuration file\nsudo mkdir -p /etc/containerd\n\nsudo containerd config default | sudo tee /etc/containerd/config.toml\n\n#Set the cgroup driver for containerd to systemd which is required for the kubelet.\n#For more information on this config file see:\n# https://github.com/containerd/cri/blob/master/docs/config.md and also\n# https://github.com/containerd/containerd/blob/master/docs/ops.md\n\n#At the end of this section, change SystemdCgroup = false to SystemdCgroup = true\n        [plugins.\"io.containerd.grpc.v1.cri\".containerd.runtimes.runc]\n        ...\n          [plugins.\"io.containerd.grpc.v1.cri\".containerd.runtimes.runc.options]\n            SystemdCgroup = true\n\n#You can use sed to swap in true\nsudo sed -i 's/            SystemdCgroup = false/            SystemdCgroup = true/' /etc/containerd/config.toml\n\n#Verify the change was made\n#grep 'SystemdCgroup = true' /etc/containerd/config.toml\n\n#Restart containerd with the new configuration\nsudo systemctl restart containerd\n\n#Install Kubernetes packages - kubeadm, kubelet and kubectl\n#Add k8s.io's apt repository gpg key, this will likely change for each version of kubernetes release. \nsudo apt-get install -y apt-transport-https ca-certificates curl gpg\nsudo curl -fsSL https://pkgs.k8s.io/core:/stable:/v1.34/deb/Release.key | sudo gpg --dearmor -o /etc/apt/keyrings/kubernetes-apt-keyring.gpg\n\n#Add the Kubernetes apt repository\necho 'deb [signed-by=/etc/apt/keyrings/kubernetes-apt-keyring.gpg] https://pkgs.k8s.io/core:/stable:/v1.34/deb/ /' | sudo tee /etc/apt/sources.list.d/kubernetes.list\n\n#Update the package list and use apt-cache policy to inspect versions available in the repository\nsudo apt-get update\n#apt-cache policy kubelet | head -n 20 \n\n#Try to pick one version back because later in this series, we'll run an upgrade\nVERSION=1.34.0-1.1\nsudo apt-get install -y kubelet=$VERSION kubeadm=$VERSION kubectl=$VERSION \nsudo apt-mark hold kubelet kubeadm kubectl containerd\n",
            "user_data_base64": null,
            "user_data_replace_on_change": false,
            "volume_tags": null,
            "vpc_security_group_ids": [
              "sg-0de12560331304afc"
            ]
          },
          "sensitive_attributes": [],
          "private": "eyJlMmJmYjczMC1lY2FhLTExZTYtOGY4OC0zNDM2M2JjN2M0YzAiOnsiY3JlYXRlIjo2MDAwMDAwMDAwMDAsImRlbGV0ZSI6MTIwMDAwMDAwMDAwMCwicmVhZCI6OTAwMDAwMDAwMDAwLCJ1cGRhdGUiOjYwMDAwMDAwMDAwMH0sInNjaGVtYV92ZXJzaW9uIjoiMiJ9",
          "dependencies": [
            "aws_security_group.f5",
            "data.template_file.user_data4",
            "module.vpc.aws_subnet.public",
            "module.vpc.aws_vpc.this",
            "module.vpc.aws_vpc_ipv4_cidr_block_association.this"
          ]
        }
      ]
    },
    {
      "mode": "managed",
      "type": "aws_network_interface",
      "name": "mgmt",
      "provider": "provider[\"registry.terraform.io/hashicorp/aws\"]",
      "instances": [
        {
          "schema_version": 0,
          "attributes": {
            "arn": "arn:aws:ec2:eu-west-2:524339405707:network-interface/eni-0fbb56b64fc65f0c9",
            "attachment": [
              {
                "attachment_id": "eni-attach-04f1e6c4f6b2b121a",
                "device_index": 0,
                "instance": "i-03df80600c93360ee",
                "network_card_index": 0
              }
            ],
            "description": "",
            "enable_primary_ipv6": null,
            "id": "eni-0fbb56b64fc65f0c9",
            "interface_type": "interface",
            "ipv4_prefix_count": 0,
            "ipv4_prefixes": [],
            "ipv6_address_count": 0,
            "ipv6_address_list": [],
            "ipv6_address_list_enabled": false,
            "ipv6_addresses": [],
            "ipv6_prefix_count": 0,
            "ipv6_prefixes": [],
            "mac_address": "06:a9:94:8c:c6:27",
            "outpost_arn": "",
            "owner_id": "524339405707",
            "private_dns_name": "ip-10-0-1-100.eu-west-2.compute.internal",
            "private_ip": "10.0.1.100",
            "private_ip_list": [
              "10.0.1.100"
            ],
            "private_ip_list_enabled": false,
            "private_ips": [
              "10.0.1.100"
            ],
            "private_ips_count": 0,
            "region": "eu-west-2",
            "security_groups": [
              "sg-0de12560331304afc"
            ],
            "source_dest_check": true,
            "subnet_id": "subnet-0c72537974dc052d0",
            "tags": {
              "Name": "BIG-IP-MGMT"
            },
            "tags_all": {
              "Name": "BIG-IP-MGMT"
            }
          },
          "sensitive_attributes": [],
          "private": "bnVsbA==",
          "dependencies": [
            "aws_security_group.f5",
            "module.vpc.aws_subnet.public",
            "module.vpc.aws_vpc.this",
            "module.vpc.aws_vpc_ipv4_cidr_block_association.this"
          ]
        }
      ]
    },
    {
      "mode": "managed",
      "type": "aws_network_interface",
      "name": "prod",
      "provider": "provider[\"registry.terraform.io/hashicorp/aws\"]",
      "instances": [
        {
          "schema_version": 0,
          "attributes": {
            "arn": "arn:aws:ec2:eu-west-2:524339405707:network-interface/eni-068b2767dbe590ee5",
            "attachment": [
              {
                "attachment_id": "eni-attach-0112f001e27676fd1",
                "device_index": 1,
                "instance": "i-03df80600c93360ee",
                "network_card_index": 0
              }
            ],
            "description": "",
            "enable_primary_ipv6": null,
            "id": "eni-068b2767dbe590ee5",
            "interface_type": "interface",
            "ipv4_prefix_count": 0,
            "ipv4_prefixes": [],
            "ipv6_address_count": 0,
            "ipv6_address_list": [],
            "ipv6_address_list_enabled": false,
            "ipv6_addresses": [],
            "ipv6_prefix_count": 0,
            "ipv6_prefixes": [],
            "mac_address": "06:61:2f:f5:da:87",
            "outpost_arn": "",
            "owner_id": "524339405707",
            "private_dns_name": "ip-10-0-2-100.eu-west-2.compute.internal",
            "private_ip": "10.0.2.100",
            "private_ip_list": [
              "10.0.2.100"
            ],
            "private_ip_list_enabled": false,
            "private_ips": [
              "10.0.2.100"
            ],
            "private_ips_count": 0,
            "region": "eu-west-2",
            "security_groups": [
              "sg-0de12560331304afc"
            ],
            "source_dest_check": true,
            "subnet_id": "subnet-0db3adf9cdd9ccb93",
            "tags": {
              "Name": "BIG-IP-PROD"
            },
            "tags_all": {
              "Name": "BIG-IP-PROD"
            }
          },
          "sensitive_attributes": [],
          "private": "bnVsbA==",
          "dependencies": [
            "aws_security_group.f5",
            "module.vpc.aws_subnet.public",
            "module.vpc.aws_vpc.this",
            "module.vpc.aws_vpc_ipv4_cidr_block_association.this"
          ]
        }
      ]
    },
    {
      "mode": "managed",
      "type": "aws_security_group",
      "name": "f5",
      "provider": "provider[\"registry.terraform.io/hashicorp/aws\"]",
      "instances": [
        {
          "schema_version": 1,
          "attributes": {
            "arn": "arn:aws:ec2:eu-west-2:524339405707:security-group/sg-0de12560331304afc",
            "description": "Managed by Terraform",
            "egress": [
              {
                "cidr_blocks": [
                  "0.0.0.0/0"
                ],
                "description": "",
                "from_port": 0,
                "ipv6_cidr_blocks": [],
                "prefix_list_ids": [],
                "protocol": "-1",
                "security_groups": [],
                "self": false,
                "to_port": 0
              }
            ],
            "id": "sg-0de12560331304afc",
            "ingress": [
              {
                "cidr_blocks": [
                  "0.0.0.0/0"
                ],
                "description": "",
                "from_port": 0,
                "ipv6_cidr_blocks": [],
                "prefix_list_ids": [],
                "protocol": "-1",
                "security_groups": [],
                "self": false,
                "to_port": 0
              }
            ],
            "name": "OB1-f5",
            "name_prefix": "",
            "owner_id": "524339405707",
            "region": "eu-west-2",
            "revoke_rules_on_delete": false,
            "tags": {
              "Name": "OB1-SecurityGroup1"
            },
            "tags_all": {
              "Name": "OB1-SecurityGroup1"
            },
            "timeouts": null,
            "vpc_id": "vpc-076fdc818712d9ba0"
          },
          "sensitive_attributes": [],
          "private": "eyJlMmJmYjczMC1lY2FhLTExZTYtOGY4OC0zNDM2M2JjN2M0YzAiOnsiY3JlYXRlIjo2MDAwMDAwMDAwMDAsImRlbGV0ZSI6OTAwMDAwMDAwMDAwfSwic2NoZW1hX3ZlcnNpb24iOiIxIn0=",
          "dependencies": [
            "module.vpc.aws_vpc.this"
          ]
        }
      ]
    },
    {
      "module": "module.vpc",
      "mode": "managed",
      "type": "aws_default_network_acl",
      "name": "this",
      "provider": "provider[\"registry.terraform.io/hashicorp/aws\"]",
      "instances": [
        {
          "index_key": 0,
          "schema_version": 0,
          "attributes": {
            "arn": "arn:aws:ec2:eu-west-2:524339405707:network-acl/acl-0ad760c15d8bb681e",
            "default_network_acl_id": "acl-0ad760c15d8bb681e",
            "egress": [
              {
                "action": "allow",
                "cidr_block": "",
                "from_port": 0,
                "icmp_code": 0,
                "icmp_type": 0,
                "ipv6_cidr_block": "::/0",
                "protocol": "-1",
                "rule_no": 101,
                "to_port": 0
              },
              {
                "action": "allow",
                "cidr_block": "0.0.0.0/0",
                "from_port": 0,
                "icmp_code": 0,
                "icmp_type": 0,
                "ipv6_cidr_block": "",
                "protocol": "-1",
                "rule_no": 100,
                "to_port": 0
              }
            ],
            "id": "acl-0ad760c15d8bb681e",
            "ingress": [
              {
                "action": "allow",
                "cidr_block": "",
                "from_port": 0,
                "icmp_code": 0,
                "icmp_type": 0,
                "ipv6_cidr_block": "::/0",
                "protocol": "-1",
                "rule_no": 101,
                "to_port": 0
              },
              {
                "action": "allow",
                "cidr_block": "0.0.0.0/0",
                "from_port": 0,
                "icmp_code": 0,
                "icmp_type": 0,
                "ipv6_cidr_block": "",
                "protocol": "-1",
                "rule_no": 100,
                "to_port": 0
              }
            ],
            "owner_id": "524339405707",
            "region": "eu-west-2",
            "subnet_ids": [
              "subnet-0abb069cd55074bae",
              "subnet-0c72537974dc052d0",
              "subnet-0db3adf9cdd9ccb93"
            ],
            "tags": {
              "Environment": "OB1-vpc-teraform",
              "Name": "OB1-f5-vpc-default",
              "Terraform": "true"
            },
            "tags_all": {
              "Environment": "OB1-vpc-teraform",
              "Name": "OB1-f5-vpc-default",
              "Terraform": "true"
            },
            "vpc_id": "vpc-076fdc818712d9ba0"
          },
          "sensitive_attributes": [],
          "private": "bnVsbA==",
          "dependencies": [
            "module.vpc.aws_vpc.this"
          ]
        }
      ]
    },
    {
      "module": "module.vpc",
      "mode": "managed",
      "type": "aws_default_route_table",
      "name": "default",
      "provider": "provider[\"registry.terraform.io/hashicorp/aws\"]",
      "instances": [
        {
          "index_key": 0,
          "schema_version": 0,
          "attributes": {
            "arn": "arn:aws:ec2:eu-west-2:524339405707:route-table/rtb-0be273ed80673995f",
            "default_route_table_id": "rtb-0be273ed80673995f",
            "id": "rtb-0be273ed80673995f",
            "owner_id": "524339405707",
            "propagating_vgws": [],
            "region": "eu-west-2",
            "route": [],
            "tags": {
              "Environment": "OB1-vpc-teraform",
              "Name": "OB1-f5-vpc-default",
              "Terraform": "true"
            },
            "tags_all": {
              "Environment": "OB1-vpc-teraform",
              "Name": "OB1-f5-vpc-default",
              "Terraform": "true"
            },
            "timeouts": {
              "create": "5m",
              "update": "5m"
            },
            "vpc_id": "vpc-076fdc818712d9ba0"
          },
          "sensitive_attributes": [],
          "private": "eyJlMmJmYjczMC1lY2FhLTExZTYtOGY4OC0zNDM2M2JjN2M0YzAiOnsiY3JlYXRlIjozMDAwMDAwMDAwMDAsInVwZGF0ZSI6MzAwMDAwMDAwMDAwfX0=",
          "dependencies": [
            "module.vpc.aws_vpc.this"
          ]
        }
      ]
    },
    {
      "module": "module.vpc",
      "mode": "managed",
      "type": "aws_default_security_group",
      "name": "this",
      "provider": "provider[\"registry.terraform.io/hashicorp/aws\"]",
      "instances": [
        {
          "index_key": 0,
          "schema_version": 1,
          "attributes": {
            "arn": "arn:aws:ec2:eu-west-2:524339405707:security-group/sg-0efe1e1d9ceb42747",
            "description": "default VPC security group",
            "egress": [],
            "id": "sg-0efe1e1d9ceb42747",
            "ingress": [],
            "name": "default",
            "name_prefix": "",
            "owner_id": "524339405707",
            "region": "eu-west-2",
            "revoke_rules_on_delete": false,
            "tags": {
              "Environment": "OB1-vpc-teraform",
              "Name": "OB1-f5-vpc-default",
              "Terraform": "true"
            },
            "tags_all": {
              "Environment": "OB1-vpc-teraform",
              "Name": "OB1-f5-vpc-default",
              "Terraform": "true"
            },
            "vpc_id": "vpc-076fdc818712d9ba0"
          },
          "sensitive_attributes": [],
          "private": "eyJzY2hlbWFfdmVyc2lvbiI6IjEifQ==",
          "dependencies": [
            "module.vpc.aws_vpc.this"
          ]
        }
      ]
    },
    {
      "module": "module.vpc",
      "mode": "managed",
      "type": "aws_eip",
      "name": "nat",
      "provider": "provider[\"registry.terraform.io/hashicorp/aws\"]",
      "instances": [
        {
          "index_key": 0,
          "schema_version": 0,
          "attributes": {
            "address": null,
            "allocation_id": "eipalloc-01133d081e080ba0f",
            "arn": "arn:aws:ec2:eu-west-2:524339405707:elastic-ip/eipalloc-01133d081e080ba0f",
            "associate_with_private_ip": null,
            "association_id": "eipassoc-02c652224da9c3c62",
            "carrier_ip": "",
            "customer_owned_ip": "",
            "customer_owned_ipv4_pool": "",
            "domain": "vpc",
            "id": "eipalloc-01133d081e080ba0f",
            "instance": "",
            "ipam_pool_id": null,
            "network_border_group": "eu-west-2",
            "network_interface": "eni-0c3a7296d53b2dc1d",
            "private_dns": "ip-10-0-1-75.eu-west-2.compute.internal",
            "private_ip": "10.0.1.75",
            "ptr_record": "",
            "public_dns": "ec2-35-176-226-215.eu-west-2.compute.amazonaws.com",
            "public_ip": "35.176.226.215",
            "public_ipv4_pool": "amazon",
            "region": "eu-west-2",
            "tags": {
              "Environment": "OB1-vpc-teraform",
              "Name": "OB1-f5-vpc-eu-west-2a",
              "Terraform": "true"
            },
            "tags_all": {
              "Environment": "OB1-vpc-teraform",
              "Name": "OB1-f5-vpc-eu-west-2a",
              "Terraform": "true"
            },
            "timeouts": null
          },
          "sensitive_attributes": [],
          "private": "eyJlMmJmYjczMC1lY2FhLTExZTYtOGY4OC0zNDM2M2JjN2M0YzAiOnsiZGVsZXRlIjoxODAwMDAwMDAwMDAsInJlYWQiOjkwMDAwMDAwMDAwMCwidXBkYXRlIjozMDAwMDAwMDAwMDB9fQ==",
          "dependencies": [
            "module.vpc.aws_internet_gateway.this",
            "module.vpc.aws_vpc.this",
            "module.vpc.aws_vpc_ipv4_cidr_block_association.this"
          ]
        },
        {
          "index_key": 1,
          "schema_version": 0,
          "attributes": {
            "address": null,
            "allocation_id": "eipalloc-0db7aee33f8cc56c0",
            "arn": "arn:aws:ec2:eu-west-2:524339405707:elastic-ip/eipalloc-0db7aee33f8cc56c0",
            "associate_with_private_ip": null,
            "association_id": "eipassoc-0cddcf6cd6117a26b",
            "carrier_ip": "",
            "customer_owned_ip": "",
            "customer_owned_ipv4_pool": "",
            "domain": "vpc",
            "id": "eipalloc-0db7aee33f8cc56c0",
            "instance": "",
            "ipam_pool_id": null,
            "network_border_group": "eu-west-2",
            "network_interface": "eni-04134fc041b920ad4",
            "private_dns": "ip-10-0-2-171.eu-west-2.compute.internal",
            "private_ip": "10.0.2.171",
            "ptr_record": "",
            "public_dns": "ec2-13-134-241-67.eu-west-2.compute.amazonaws.com",
            "public_ip": "13.134.241.67",
            "public_ipv4_pool": "amazon",
            "region": "eu-west-2",
            "tags": {
              "Environment": "OB1-vpc-teraform",
              "Name": "OB1-f5-vpc-eu-west-2a",
              "Terraform": "true"
            },
            "tags_all": {
              "Environment": "OB1-vpc-teraform",
              "Name": "OB1-f5-vpc-eu-west-2a",
              "Terraform": "true"
            },
            "timeouts": null
          },
          "sensitive_attributes": [],
          "private": "eyJlMmJmYjczMC1lY2FhLTExZTYtOGY4OC0zNDM2M2JjN2M0YzAiOnsiZGVsZXRlIjoxODAwMDAwMDAwMDAsInJlYWQiOjkwMDAwMDAwMDAwMCwidXBkYXRlIjozMDAwMDAwMDAwMDB9fQ==",
          "dependencies": [
            "module.vpc.aws_internet_gateway.this",
            "module.vpc.aws_vpc.this",
            "module.vpc.aws_vpc_ipv4_cidr_block_association.this"
          ]
        }
      ]
    },
    {
      "module": "module.vpc",
      "mode": "managed",
      "type": "aws_internet_gateway",
      "name": "this",
      "provider": "provider[\"registry.terraform.io/hashicorp/aws\"]",
      "instances": [
        {
          "index_key": 0,
          "schema_version": 0,
          "attributes": {
            "arn": "arn:aws:ec2:eu-west-2:524339405707:internet-gateway/igw-03e0976daa32359fc",
            "id": "igw-03e0976daa32359fc",
            "owner_id": "524339405707",
            "region": "eu-west-2",
            "tags": {
              "Environment": "OB1-vpc-teraform",
              "Name": "OB1-f5-vpc",
              "Terraform": "true"
            },
            "tags_all": {
              "Environment": "OB1-vpc-teraform",
              "Name": "OB1-f5-vpc",
              "Terraform": "true"
            },
            "timeouts": null,
            "vpc_id": "vpc-076fdc818712d9ba0"
          },
          "sensitive_attributes": [],
          "private": "eyJlMmJmYjczMC1lY2FhLTExZTYtOGY4OC0zNDM2M2JjN2M0YzAiOnsiY3JlYXRlIjoxMjAwMDAwMDAwMDAwLCJkZWxldGUiOjEyMDAwMDAwMDAwMDAsInVwZGF0ZSI6MTIwMDAwMDAwMDAwMH19",
          "dependencies": [
            "module.vpc.aws_vpc.this",
            "module.vpc.aws_vpc_ipv4_cidr_block_association.this"
          ]
        }
      ]
    },
    {
      "module": "module.vpc",
      "mode": "managed",
      "type": "aws_nat_gateway",
      "name": "this",
      "provider": "provider[\"registry.terraform.io/hashicorp/aws\"]",
      "instances": [
        {
          "index_key": 0,
          "schema_version": 0,
          "attributes": {
            "allocation_id": "eipalloc-01133d081e080ba0f",
            "association_id": "eipassoc-02c652224da9c3c62",
            "connectivity_type": "public",
            "id": "nat-0924da30b6c3625d6",
            "network_interface_id": "eni-0c3a7296d53b2dc1d",
            "private_ip": "10.0.1.75",
            "public_ip": "35.176.226.215",
            "region": "eu-west-2",
            "secondary_allocation_ids": [],
            "secondary_private_ip_address_count": 0,
            "secondary_private_ip_addresses": [],
            "subnet_id": "subnet-0c72537974dc052d0",
            "tags": {
              "Environment": "OB1-vpc-teraform",
              "Name": "OB1-f5-vpc-eu-west-2a",
              "Terraform": "true"
            },
            "tags_all": {
              "Environment": "OB1-vpc-teraform",
              "Name": "OB1-f5-vpc-eu-west-2a",
              "Terraform": "true"
            },
            "timeouts": null
          },
          "sensitive_attributes": [],
          "private": "eyJlMmJmYjczMC1lY2FhLTExZTYtOGY4OC0zNDM2M2JjN2M0YzAiOnsiY3JlYXRlIjo2MDAwMDAwMDAwMDAsImRlbGV0ZSI6MTgwMDAwMDAwMDAwMCwidXBkYXRlIjo2MDAwMDAwMDAwMDB9fQ==",
          "dependencies": [
            "module.vpc.aws_eip.nat",
            "module.vpc.aws_internet_gateway.this",
            "module.vpc.aws_subnet.public",
            "module.vpc.aws_vpc.this",
            "module.vpc.aws_vpc_ipv4_cidr_block_association.this"
          ]
        },
        {
          "index_key": 1,
          "schema_version": 0,
          "attributes": {
            "allocation_id": "eipalloc-0db7aee33f8cc56c0",
            "association_id": "eipassoc-0cddcf6cd6117a26b",
            "connectivity_type": "public",
            "id": "nat-021cf09440158c26b",
            "network_interface_id": "eni-04134fc041b920ad4",
            "private_ip": "10.0.2.171",
            "public_ip": "13.134.241.67",
            "region": "eu-west-2",
            "secondary_allocation_ids": [],
            "secondary_private_ip_address_count": 0,
            "secondary_private_ip_addresses": [],
            "subnet_id": "subnet-0db3adf9cdd9ccb93",
            "tags": {
              "Environment": "OB1-vpc-teraform",
              "Name": "OB1-f5-vpc-eu-west-2a",
              "Terraform": "true"
            },
            "tags_all": {
              "Environment": "OB1-vpc-teraform",
              "Name": "OB1-f5-vpc-eu-west-2a",
              "Terraform": "true"
            },
            "timeouts": null
          },
          "sensitive_attributes": [],
          "private": "eyJlMmJmYjczMC1lY2FhLTExZTYtOGY4OC0zNDM2M2JjN2M0YzAiOnsiY3JlYXRlIjo2MDAwMDAwMDAwMDAsImRlbGV0ZSI6MTgwMDAwMDAwMDAwMCwidXBkYXRlIjo2MDAwMDAwMDAwMDB9fQ==",
          "dependencies": [
            "module.vpc.aws_eip.nat",
            "module.vpc.aws_internet_gateway.this",
            "module.vpc.aws_subnet.public",
            "module.vpc.aws_vpc.this",
            "module.vpc.aws_vpc_ipv4_cidr_block_association.this"
          ]
        }
      ]
    },
    {
      "module": "module.vpc",
      "mode": "managed",
      "type": "aws_route",
      "name": "private_nat_gateway",
      "provider": "provider[\"registry.terraform.io/hashicorp/aws\"]",
      "instances": [
        {
          "index_key": 0,
          "schema_version": 0,
          "attributes": {
            "carrier_gateway_id": "",
            "core_network_arn": "",
            "destination_cidr_block": "0.0.0.0/0",
            "destination_ipv6_cidr_block": "",
            "destination_prefix_list_id": "",
            "egress_only_gateway_id": "",
            "gateway_id": "",
            "id": "r-rtb-068cc22b64631ba051080289494",
            "instance_id": "",
            "instance_owner_id": "",
            "local_gateway_id": "",
            "nat_gateway_id": "nat-0924da30b6c3625d6",
            "network_interface_id": "",
            "origin": "CreateRoute",
            "region": "eu-west-2",
            "route_table_id": "rtb-068cc22b64631ba05",
            "state": "active",
            "timeouts": {
              "create": "5m",
              "delete": null,
              "update": null
            },
            "transit_gateway_id": "",
            "vpc_endpoint_id": "",
            "vpc_peering_connection_id": ""
          },
          "sensitive_attributes": [],
          "private": "eyJlMmJmYjczMC1lY2FhLTExZTYtOGY4OC0zNDM2M2JjN2M0YzAiOnsiY3JlYXRlIjozMDAwMDAwMDAwMDAsImRlbGV0ZSI6MzAwMDAwMDAwMDAwLCJ1cGRhdGUiOjEyMDAwMDAwMDAwMH19",
          "dependencies": [
            "module.vpc.aws_eip.nat",
            "module.vpc.aws_internet_gateway.this",
            "module.vpc.aws_nat_gateway.this",
            "module.vpc.aws_route_table.private",
            "module.vpc.aws_subnet.public",
            "module.vpc.aws_vpc.this",
            "module.vpc.aws_vpc_ipv4_cidr_block_association.this"
          ]
        },
        {
          "index_key": 1,
          "schema_version": 0,
          "attributes": {
            "carrier_gateway_id": "",
            "core_network_arn": "",
            "destination_cidr_block": "0.0.0.0/0",
            "destination_ipv6_cidr_block": "",
            "destination_prefix_list_id": "",
            "egress_only_gateway_id": "",
            "gateway_id": "",
            "id": "r-rtb-0fe9664cda24236901080289494",
            "instance_id": "",
            "instance_owner_id": "",
            "local_gateway_id": "",
            "nat_gateway_id": "nat-021cf09440158c26b",
            "network_interface_id": "",
            "origin": "CreateRoute",
            "region": "eu-west-2",
            "route_table_id": "rtb-0fe9664cda2423690",
            "state": "active",
            "timeouts": {
              "create": "5m",
              "delete": null,
              "update": null
            },
            "transit_gateway_id": "",
            "vpc_endpoint_id": "",
            "vpc_peering_connection_id": ""
          },
          "sensitive_attributes": [],
          "private": "eyJlMmJmYjczMC1lY2FhLTExZTYtOGY4OC0zNDM2M2JjN2M0YzAiOnsiY3JlYXRlIjozMDAwMDAwMDAwMDAsImRlbGV0ZSI6MzAwMDAwMDAwMDAwLCJ1cGRhdGUiOjEyMDAwMDAwMDAwMH19",
          "dependencies": [
            "module.vpc.aws_eip.nat",
            "module.vpc.aws_internet_gateway.this",
            "module.vpc.aws_nat_gateway.this",
            "module.vpc.aws_route_table.private",
            "module.vpc.aws_subnet.public",
            "module.vpc.aws_vpc.this",
            "module.vpc.aws_vpc_ipv4_cidr_block_association.this"
          ]
        }
      ]
    },
    {
      "module": "module.vpc",
      "mode": "managed",
      "type": "aws_route",
      "name": "public_internet_gateway",
      "provider": "provider[\"registry.terraform.io/hashicorp/aws\"]",
      "instances": [
        {
          "index_key": 0,
          "schema_version": 0,
          "attributes": {
            "carrier_gateway_id": "",
            "core_network_arn": "",
            "destination_cidr_block": "0.0.0.0/0",
            "destination_ipv6_cidr_block": "",
            "destination_prefix_list_id": "",
            "egress_only_gateway_id": "",
            "gateway_id": "igw-03e0976daa32359fc",
            "id": "r-rtb-023510f3e1f4d4c261080289494",
            "instance_id": "",
            "instance_owner_id": "",
            "local_gateway_id": "",
            "nat_gateway_id": "",
            "network_interface_id": "",
            "origin": "CreateRoute",
            "region": "eu-west-2",
            "route_table_id": "rtb-023510f3e1f4d4c26",
            "state": "active",
            "timeouts": {
              "create": "5m",
              "delete": null,
              "update": null
            },
            "transit_gateway_id": "",
            "vpc_endpoint_id": "",
            "vpc_peering_connection_id": ""
          },
          "sensitive_attributes": [],
          "private": "eyJlMmJmYjczMC1lY2FhLTExZTYtOGY4OC0zNDM2M2JjN2M0YzAiOnsiY3JlYXRlIjozMDAwMDAwMDAwMDAsImRlbGV0ZSI6MzAwMDAwMDAwMDAwLCJ1cGRhdGUiOjEyMDAwMDAwMDAwMH19",
          "dependencies": [
            "module.vpc.aws_internet_gateway.this",
            "module.vpc.aws_route_table.public",
            "module.vpc.aws_vpc.this",
            "module.vpc.aws_vpc_ipv4_cidr_block_association.this"
          ]
        }
      ]
    },
    {
      "module": "module.vpc",
      "mode": "managed",
      "type": "aws_route_table",
      "name": "private",
      "provider": "provider[\"registry.terraform.io/hashicorp/aws\"]",
      "instances": [
        {
          "index_key": 0,
          "schema_version": 0,
          "attributes": {
            "arn": "arn:aws:ec2:eu-west-2:524339405707:route-table/rtb-068cc22b64631ba05",
            "id": "rtb-068cc22b64631ba05",
            "owner_id": "524339405707",
            "propagating_vgws": [],
            "region": "eu-west-2",
            "route": [
              {
                "carrier_gateway_id": "",
                "cidr_block": "0.0.0.0/0",
                "core_network_arn": "",
                "destination_prefix_list_id": "",
                "egress_only_gateway_id": "",
                "gateway_id": "",
                "ipv6_cidr_block": "",
                "local_gateway_id": "",
                "nat_gateway_id": "nat-0924da30b6c3625d6",
                "network_interface_id": "",
                "transit_gateway_id": "",
                "vpc_endpoint_id": "",
                "vpc_peering_connection_id": ""
              }
            ],
            "tags": {
              "Environment": "OB1-vpc-teraform",
              "Name": "OB1-f5-vpc-private-eu-west-2a",
              "Terraform": "true"
            },
            "tags_all": {
              "Environment": "OB1-vpc-teraform",
              "Name": "OB1-f5-vpc-private-eu-west-2a",
              "Terraform": "true"
            },
            "timeouts": null,
            "vpc_id": "vpc-076fdc818712d9ba0"
          },
          "sensitive_attributes": [],
          "private": "eyJlMmJmYjczMC1lY2FhLTExZTYtOGY4OC0zNDM2M2JjN2M0YzAiOnsiY3JlYXRlIjozMDAwMDAwMDAwMDAsImRlbGV0ZSI6MzAwMDAwMDAwMDAwLCJ1cGRhdGUiOjEyMDAwMDAwMDAwMH19",
          "dependencies": [
            "module.vpc.aws_vpc.this",
            "module.vpc.aws_vpc_ipv4_cidr_block_association.this"
          ]
        },
        {
          "index_key": 1,
          "schema_version": 0,
          "attributes": {
            "arn": "arn:aws:ec2:eu-west-2:524339405707:route-table/rtb-0fe9664cda2423690",
            "id": "rtb-0fe9664cda2423690",
            "owner_id": "524339405707",
            "propagating_vgws": [],
            "region": "eu-west-2",
            "route": [
              {
                "carrier_gateway_id": "",
                "cidr_block": "0.0.0.0/0",
                "core_network_arn": "",
                "destination_prefix_list_id": "",
                "egress_only_gateway_id": "",
                "gateway_id": "",
                "ipv6_cidr_block": "",
                "local_gateway_id": "",
                "nat_gateway_id": "nat-021cf09440158c26b",
                "network_interface_id": "",
                "transit_gateway_id": "",
                "vpc_endpoint_id": "",
                "vpc_peering_connection_id": ""
              }
            ],
            "tags": {
              "Environment": "OB1-vpc-teraform",
              "Name": "OB1-f5-vpc-private-eu-west-2a",
              "Terraform": "true"
            },
            "tags_all": {
              "Environment": "OB1-vpc-teraform",
              "Name": "OB1-f5-vpc-private-eu-west-2a",
              "Terraform": "true"
            },
            "timeouts": null,
            "vpc_id": "vpc-076fdc818712d9ba0"
          },
          "sensitive_attributes": [],
          "private": "eyJlMmJmYjczMC1lY2FhLTExZTYtOGY4OC0zNDM2M2JjN2M0YzAiOnsiY3JlYXRlIjozMDAwMDAwMDAwMDAsImRlbGV0ZSI6MzAwMDAwMDAwMDAwLCJ1cGRhdGUiOjEyMDAwMDAwMDAwMH19",
          "dependencies": [
            "module.vpc.aws_vpc.this",
            "module.vpc.aws_vpc_ipv4_cidr_block_association.this"
          ]
        }
      ]
    },
    {
      "module": "module.vpc",
      "mode": "managed",
      "type": "aws_route_table",
      "name": "public",
      "provider": "provider[\"registry.terraform.io/hashicorp/aws\"]",
      "instances": [
        {
          "index_key": 0,
          "schema_version": 0,
          "attributes": {
            "arn": "arn:aws:ec2:eu-west-2:524339405707:route-table/rtb-023510f3e1f4d4c26",
            "id": "rtb-023510f3e1f4d4c26",
            "owner_id": "524339405707",
            "propagating_vgws": [],
            "region": "eu-west-2",
            "route": [
              {
                "carrier_gateway_id": "",
                "cidr_block": "0.0.0.0/0",
                "core_network_arn": "",
                "destination_prefix_list_id": "",
                "egress_only_gateway_id": "",
                "gateway_id": "igw-03e0976daa32359fc",
                "ipv6_cidr_block": "",
                "local_gateway_id": "",
                "nat_gateway_id": "",
                "network_interface_id": "",
                "transit_gateway_id": "",
                "vpc_endpoint_id": "",
                "vpc_peering_connection_id": ""
              }
            ],
            "tags": {
              "Environment": "OB1-vpc-teraform",
              "Name": "OB1-f5-vpc-public",
              "Terraform": "true"
            },
            "tags_all": {
              "Environment": "OB1-vpc-teraform",
              "Name": "OB1-f5-vpc-public",
              "Terraform": "true"
            },
            "timeouts": null,
            "vpc_id": "vpc-076fdc818712d9ba0"
          },
          "sensitive_attributes": [],
          "private": "eyJlMmJmYjczMC1lY2FhLTExZTYtOGY4OC0zNDM2M2JjN2M0YzAiOnsiY3JlYXRlIjozMDAwMDAwMDAwMDAsImRlbGV0ZSI6MzAwMDAwMDAwMDAwLCJ1cGRhdGUiOjEyMDAwMDAwMDAwMH19",
          "dependencies": [
            "module.vpc.aws_vpc.this",
            "module.vpc.aws_vpc_ipv4_cidr_block_association.this"
          ]
        }
      ]
    },
    {
      "module": "module.vpc",
      "mode": "managed",
      "type": "aws_route_table_association",
      "name": "private",
      "provider": "provider[\"registry.terraform.io/hashicorp/aws\"]",
      "instances": [
        {
          "index_key": 0,
          "schema_version": 0,
          "attributes": {
            "gateway_id": "",
            "id": "rtbassoc-00716591d0649ac2c",
            "region": "eu-west-2",
            "route_table_id": "rtb-068cc22b64631ba05",
            "subnet_id": "subnet-0abb069cd55074bae",
            "timeouts": null
          },
          "sensitive_attributes": [],
          "private": "eyJlMmJmYjczMC1lY2FhLTExZTYtOGY4OC0zNDM2M2JjN2M0YzAiOnsiY3JlYXRlIjozMDAwMDAwMDAwMDAsImRlbGV0ZSI6MzAwMDAwMDAwMDAwLCJ1cGRhdGUiOjEyMDAwMDAwMDAwMH19",
          "dependencies": [
            "module.vpc.aws_route_table.private",
            "module.vpc.aws_subnet.private",
            "module.vpc.aws_vpc.this",
            "module.vpc.aws_vpc_ipv4_cidr_block_association.this"
          ]
        }
      ]
    },
    {
      "module": "module.vpc",
      "mode": "managed",
      "type": "aws_route_table_association",
      "name": "public",
      "provider": "provider[\"registry.terraform.io/hashicorp/aws\"]",
      "instances": [
        {
          "index_key": 0,
          "schema_version": 0,
          "attributes": {
            "gateway_id": "",
            "id": "rtbassoc-040dcf70dbd57a569",
            "region": "eu-west-2",
            "route_table_id": "rtb-023510f3e1f4d4c26",
            "subnet_id": "subnet-0c72537974dc052d0",
            "timeouts": null
          },
          "sensitive_attributes": [],
          "private": "eyJlMmJmYjczMC1lY2FhLTExZTYtOGY4OC0zNDM2M2JjN2M0YzAiOnsiY3JlYXRlIjozMDAwMDAwMDAwMDAsImRlbGV0ZSI6MzAwMDAwMDAwMDAwLCJ1cGRhdGUiOjEyMDAwMDAwMDAwMH19",
          "dependencies": [
            "module.vpc.aws_route_table.public",
            "module.vpc.aws_subnet.public",
            "module.vpc.aws_vpc.this",
            "module.vpc.aws_vpc_ipv4_cidr_block_association.this"
          ]
        },
        {
          "index_key": 1,
          "schema_version": 0,
          "attributes": {
            "gateway_id": "",
            "id": "rtbassoc-029084362b3b0b45e",
            "region": "eu-west-2",
            "route_table_id": "rtb-023510f3e1f4d4c26",
            "subnet_id": "subnet-0db3adf9cdd9ccb93",
            "timeouts": null
          },
          "sensitive_attributes": [],
          "private": "eyJlMmJmYjczMC1lY2FhLTExZTYtOGY4OC0zNDM2M2JjN2M0YzAiOnsiY3JlYXRlIjozMDAwMDAwMDAwMDAsImRlbGV0ZSI6MzAwMDAwMDAwMDAwLCJ1cGRhdGUiOjEyMDAwMDAwMDAwMH19",
          "dependencies": [
            "module.vpc.aws_route_table.public",
            "module.vpc.aws_subnet.public",
            "module.vpc.aws_vpc.this",
            "module.vpc.aws_vpc_ipv4_cidr_block_association.this"
          ]
        }
      ]
    },
    {
      "module": "module.vpc",
      "mode": "managed",
      "type": "aws_subnet",
      "name": "private",
      "provider": "provider[\"registry.terraform.io/hashicorp/aws\"]",
      "instances": [
        {
          "index_key": 0,
          "schema_version": 1,
          "attributes": {
            "arn": "arn:aws:ec2:eu-west-2:524339405707:subnet/subnet-0abb069cd55074bae",
            "assign_ipv6_address_on_creation": false,
            "availability_zone": "eu-west-2a",
            "availability_zone_id": "euw2-az2",
            "cidr_block": "10.0.3.0/24",
            "customer_owned_ipv4_pool": "",
            "enable_dns64": false,
            "enable_lni_at_device_index": 0,
            "enable_resource_name_dns_a_record_on_launch": false,
            "enable_resource_name_dns_aaaa_record_on_launch": false,
            "id": "subnet-0abb069cd55074bae",
            "ipv6_cidr_block": "",
            "ipv6_cidr_block_association_id": "",
            "ipv6_native": false,
            "map_customer_owned_ip_on_launch": false,
            "map_public_ip_on_launch": false,
            "outpost_arn": "",
            "owner_id": "524339405707",
            "private_dns_hostname_type_on_launch": "ip-name",
            "region": "eu-west-2",
            "tags": {
              "Environment": "OB1-vpc-teraform",
              "Name": "OB1-f5-vpc-private-eu-west-2a",
              "Terraform": "true"
            },
            "tags_all": {
              "Environment": "OB1-vpc-teraform",
              "Name": "OB1-f5-vpc-private-eu-west-2a",
              "Terraform": "true"
            },
            "timeouts": null,
            "vpc_id": "vpc-076fdc818712d9ba0"
          },
          "sensitive_attributes": [],
          "private": "eyJlMmJmYjczMC1lY2FhLTExZTYtOGY4OC0zNDM2M2JjN2M0YzAiOnsiY3JlYXRlIjo2MDAwMDAwMDAwMDAsImRlbGV0ZSI6MTIwMDAwMDAwMDAwMH0sInNjaGVtYV92ZXJzaW9uIjoiMSJ9",
          "dependencies": [
            "module.vpc.aws_vpc.this",
            "module.vpc.aws_vpc_ipv4_cidr_block_association.this"
          ]
        }
      ]
    },
    {
      "module": "module.vpc",
      "mode": "managed",
      "type": "aws_subnet",
      "name": "public",
      "provider": "provider[\"registry.terraform.io/hashicorp/aws\"]",
      "instances": [
        {
          "index_key": 0,
          "schema_version": 1,
          "attributes": {
            "arn": "arn:aws:ec2:eu-west-2:524339405707:subnet/subnet-0c72537974dc052d0",
            "assign_ipv6_address_on_creation": false,
            "availability_zone": "eu-west-2a",
            "availability_zone_id": "euw2-az2",
            "cidr_block": "10.0.1.0/24",
            "customer_owned_ipv4_pool": "",
            "enable_dns64": false,
            "enable_lni_at_device_index": 0,
            "enable_resource_name_dns_a_record_on_launch": false,
            "enable_resource_name_dns_aaaa_record_on_launch": false,
            "id": "subnet-0c72537974dc052d0",
            "ipv6_cidr_block": "",
            "ipv6_cidr_block_association_id": "",
            "ipv6_native": false,
            "map_customer_owned_ip_on_launch": false,
            "map_public_ip_on_launch": false,
            "outpost_arn": "",
            "owner_id": "524339405707",
            "private_dns_hostname_type_on_launch": "ip-name",
            "region": "eu-west-2",
            "tags": {
              "Environment": "OB1-vpc-teraform",
              "Name": "OB1-f5-vpc-public-eu-west-2a",
              "Terraform": "true"
            },
            "tags_all": {
              "Environment": "OB1-vpc-teraform",
              "Name": "OB1-f5-vpc-public-eu-west-2a",
              "Terraform": "true"
            },
            "timeouts": null,
            "vpc_id": "vpc-076fdc818712d9ba0"
          },
          "sensitive_attributes": [],
          "private": "eyJlMmJmYjczMC1lY2FhLTExZTYtOGY4OC0zNDM2M2JjN2M0YzAiOnsiY3JlYXRlIjo2MDAwMDAwMDAwMDAsImRlbGV0ZSI6MTIwMDAwMDAwMDAwMH0sInNjaGVtYV92ZXJzaW9uIjoiMSJ9",
          "dependencies": [
            "module.vpc.aws_vpc.this",
            "module.vpc.aws_vpc_ipv4_cidr_block_association.this"
          ]
        },
        {
          "index_key": 1,
          "schema_version": 1,
          "attributes": {
            "arn": "arn:aws:ec2:eu-west-2:524339405707:subnet/subnet-0db3adf9cdd9ccb93",
            "assign_ipv6_address_on_creation": false,
            "availability_zone": "eu-west-2a",
            "availability_zone_id": "euw2-az2",
            "cidr_block": "10.0.2.0/24",
            "customer_owned_ipv4_pool": "",
            "enable_dns64": false,
            "enable_lni_at_device_index": 0,
            "enable_resource_name_dns_a_record_on_launch": false,
            "enable_resource_name_dns_aaaa_record_on_launch": false,
            "id": "subnet-0db3adf9cdd9ccb93",
            "ipv6_cidr_block": "",
            "ipv6_cidr_block_association_id": "",
            "ipv6_native": false,
            "map_customer_owned_ip_on_launch": false,
            "map_public_ip_on_launch": false,
            "outpost_arn": "",
            "owner_id": "524339405707",
            "private_dns_hostname_type_on_launch": "ip-name",
            "region": "eu-west-2",
            "tags": {
              "Environment": "OB1-vpc-teraform",
              "Name": "OB1-f5-vpc-public-eu-west-2a",
              "Terraform": "true"
            },
            "tags_all": {
              "Environment": "OB1-vpc-teraform",
              "Name": "OB1-f5-vpc-public-eu-west-2a",
              "Terraform": "true"
            },
            "timeouts": null,
            "vpc_id": "vpc-076fdc818712d9ba0"
          },
          "sensitive_attributes": [],
          "private": "eyJlMmJmYjczMC1lY2FhLTExZTYtOGY4OC0zNDM2M2JjN2M0YzAiOnsiY3JlYXRlIjo2MDAwMDAwMDAwMDAsImRlbGV0ZSI6MTIwMDAwMDAwMDAwMH0sInNjaGVtYV92ZXJzaW9uIjoiMSJ9",
          "dependencies": [
            "module.vpc.aws_vpc.this",
            "module.vpc.aws_vpc_ipv4_cidr_block_association.this"
          ]
        }
      ]
    },
    {
      "module": "module.vpc",
      "mode": "managed",
      "type": "aws_vpc",
      "name": "this",
      "provider": "provider[\"registry.terraform.io/hashicorp/aws\"]",
      "instances": [
        {
          "index_key": 0,
          "schema_version": 1,
          "attributes": {
            "arn": "arn:aws:ec2:eu-west-2:524339405707:vpc/vpc-076fdc818712d9ba0",
            "assign_generated_ipv6_cidr_block": false,
            "cidr_block": "10.0.0.0/16",
            "default_network_acl_id": "acl-0ad760c15d8bb681e",
            "default_route_table_id": "rtb-0be273ed80673995f",
            "default_security_group_id": "sg-0efe1e1d9ceb42747",
            "dhcp_options_id": "dopt-0658343fff1b87354",
            "enable_dns_hostnames": true,
            "enable_dns_support": true,
            "enable_network_address_usage_metrics": false,
            "id": "vpc-076fdc818712d9ba0",
            "instance_tenancy": "default",
            "ipv4_ipam_pool_id": null,
            "ipv4_netmask_length": null,
            "ipv6_association_id": "",
            "ipv6_cidr_block": "",
            "ipv6_cidr_block_network_border_group": "",
            "ipv6_ipam_pool_id": "",
            "ipv6_netmask_length": 0,
            "main_route_table_id": "rtb-0be273ed80673995f",
            "owner_id": "524339405707",
            "region": "eu-west-2",
            "tags": {
              "Environment": "OB1-vpc-teraform",
              "Name": "OB1-f5-vpc",
              "Terraform": "true"
            },
            "tags_all": {
              "Environment": "OB1-vpc-teraform",
              "Name": "OB1-f5-vpc",
              "Terraform": "true"
            }
          },
          "sensitive_attributes": [],
          "private": "eyJzY2hlbWFfdmVyc2lvbiI6IjEifQ=="
        }
      ]
    }
  ],
  "check_results": null
}
